// !$*UTF8*$!
{
	archiveVersion = 1;
	classes = {
	};
	objectVersion = 50;
	objects = {

/* Begin PBXBuildFile section */
		32764BAC20F5E474008DA055 /* AppDelegate.swift in Sources */ = {isa = PBXBuildFile; fileRef = 32764BAB20F5E474008DA055 /* AppDelegate.swift */; };
		32764BAE20F5E474008DA055 /* ViewController.swift in Sources */ = {isa = PBXBuildFile; fileRef = 32764BAD20F5E474008DA055 /* ViewController.swift */; };
		32764BB120F5E474008DA055 /* Main.storyboard in Resources */ = {isa = PBXBuildFile; fileRef = 32764BAF20F5E474008DA055 /* Main.storyboard */; };
		32764BB320F5E478008DA055 /* Assets.xcassets in Resources */ = {isa = PBXBuildFile; fileRef = 32764BB220F5E478008DA055 /* Assets.xcassets */; };
		32764BB620F5E478008DA055 /* LaunchScreen.storyboard in Resources */ = {isa = PBXBuildFile; fileRef = 32764BB420F5E478008DA055 /* LaunchScreen.storyboard */; };
		32764BBE20F5E565008DA055 /* Tweet.swift in Sources */ = {isa = PBXBuildFile; fileRef = 32764BBD20F5E565008DA055 /* Tweet.swift */; };
		32764BC020F5E572008DA055 /* Helper.swift in Sources */ = {isa = PBXBuildFile; fileRef = 32764BBF20F5E572008DA055 /* Helper.swift */; };
/* End PBXBuildFile section */

/* Begin PBXFileReference section */
		32764BA820F5E474008DA055 /* SwiftProject2.app */ = {isa = PBXFileReference; explicitFileType = wrapper.application; includeInIndex = 0; path = SwiftProject2.app; sourceTree = BUILT_PRODUCTS_DIR; };
		32764BAB20F5E474008DA055 /* AppDelegate.swift */ = {isa = PBXFileReference; lastKnownFileType = sourcecode.swift; path = AppDelegate.swift; sourceTree = "<group>"; };
		32764BAD20F5E474008DA055 /* ViewController.swift */ = {isa = PBXFileReference; lastKnownFileType = sourcecode.swift; path = ViewController.swift; sourceTree = "<group>"; };
		32764BB020F5E474008DA055 /* Base */ = {isa = PBXFileReference; lastKnownFileType = file.storyboard; name = Base; path = Base.lproj/Main.storyboard; sourceTree = "<group>"; };
		32764BB220F5E478008DA055 /* Assets.xcassets */ = {isa = PBXFileReference; lastKnownFileType = folder.assetcatalog; path = Assets.xcassets; sourceTree = "<group>"; };
		32764BB520F5E478008DA055 /* Base */ = {isa = PBXFileReference; lastKnownFileType = file.storyboard; name = Base; path = Base.lproj/LaunchScreen.storyboard; sourceTree = "<group>"; };
		32764BB720F5E478008DA055 /* Info.plist */ = {isa = PBXFileReference; lastKnownFileType = text.plist.xml; path = Info.plist; sourceTree = "<group>"; };
		32764BBD20F5E565008DA055 /* Tweet.swift */ = {isa = PBXFileReference; lastKnownFileType = sourcecode.swift; path = Tweet.swift; sourceTree = "<group>"; };
		32764BBF20F5E572008DA055 /* Helper.swift */ = {isa = PBXFileReference; lastKnownFileType = sourcecode.swift; path = Helper.swift; sourceTree = "<group>"; };
/* End PBXFileReference section */

/* Begin PBXFrameworksBuildPhase section */
		32764BA520F5E474008DA055 /* Frameworks */ = {
			isa = PBXFrameworksBuildPhase;
			buildActionMask = 2147483647;
			files = (
			);
			runOnlyForDeploymentPostprocessing = 0;
		};
/* End PBXFrameworksBuildPhase section */

/* Begin PBXGroup section */
		32764B9F20F5E473008DA055 = {
			isa = PBXGroup;
			children = (
				32764BAA20F5E474008DA055 /* SwiftProject2 */,
				32764BA920F5E474008DA055 /* Products */,
			);
			sourceTree = "<group>";
		};
		32764BA920F5E474008DA055 /* Products */ = {
			isa = PBXGroup;
			children = (
				32764BA820F5E474008DA055 /* SwiftProject2.app */,
			);
			name = Products;
			sourceTree = "<group>";
		};
		32764BAA20F5E474008DA055 /* SwiftProject2 */ = {
			isa = PBXGroup;
			children = (
				32764BAB20F5E474008DA055 /* AppDelegate.swift */,
				32764BAD20F5E474008DA055 /* ViewController.swift */,
				32764BBD20F5E565008DA055 /* Tweet.swift */,
				32764BBF20F5E572008DA055 /* Helper.swift */,
				32764BAF20F5E474008DA055 /* Main.storyboard */,
				32764BB220F5E478008DA055 /* Assets.xcassets */,
				32764BB420F5E478008DA055 /* LaunchScreen.storyboard */,
				32764BB720F5E478008DA055 /* Info.plist */,
			);
			path = SwiftProject2;
			sourceTree = "<group>";
		};
/* End PBXGroup section */

/* Begin PBXNativeTarget section */
		32764BA720F5E474008DA055 /* SwiftProject2 */ = {
			isa = PBXNativeTarget;
			buildConfigurationList = 32764BBA20F5E478008DA055 /* Build configuration list for PBXNativeTarget "SwiftProject2" */;
			buildPhases = (
				32764BA420F5E474008DA055 /* Sources */,
				32764BA520F5E474008DA055 /* Frameworks */,
				32764BA620F5E474008DA055 /* Resources */,
			);
			buildRules = (
			);
			dependencies = (
			);
			name = SwiftProject2;
			productName = SwiftProject2;
			productReference = 32764BA820F5E474008DA055 /* SwiftProject2.app */;
			productType = "com.apple.product-type.application";
		};
/* End PBXNativeTarget section */

/* Begin PBXProject section */
		32764BA020F5E473008DA055 /* Project object */ = {
			isa = PBXProject;
			attributes = {
				LastSwiftUpdateCheck = 0940;
				LastUpgradeCheck = 0940;
				ORGANIZATIONNAME = "Swift learning";
				TargetAttributes = {
					32764BA720F5E474008DA055 = {
						CreatedOnToolsVersion = 9.4.1;
					};
				};
			};
			buildConfigurationList = 32764BA320F5E473008DA055 /* Build configuration list for PBXProject "SwiftProject2" */;
			compatibilityVersion = "Xcode 9.3";
			developmentRegion = en;
			hasScannedForEncodings = 0;
			knownRegions = (
				en,
				Base,
			);
			mainGroup = 32764B9F20F5E473008DA055;
			productRefGroup = 32764BA920F5E474008DA055 /* Products */;
			projectDirPath = "";
			projectRoot = "";
			targets = (
				32764BA720F5E474008DA055 /* SwiftProject2 */,
			);
		};
/* End PBXProject section */

/* Begin PBXResourcesBuildPhase section */
		32764BA620F5E474008DA055 /* Resources */ = {
			isa = PBXResourcesBuildPhase;
			buildActionMask = 2147483647;
			files = (
				32764BB620F5E478008DA055 /* LaunchScreen.storyboard in Resources */,
				32764BB320F5E478008DA055 /* Assets.xcassets in Resources */,
				32764BB120F5E474008DA055 /* Main.storyboard in Resources */,
			);
			runOnlyForDeploymentPostprocessing = 0;
		};
/* End PBXResourcesBuildPhase section */

/* Begin PBXSourcesBuildPhase section */
		32764BA420F5E474008DA055 /* Sources */ = {
			isa = PBXSourcesBuildPhase;
			buildActionMask = 2147483647;
			files = (
				32764BBE20F5E565008DA055 /* Tweet.swift in Sources */,
				32764BAE20F5E474008DA055 /* ViewController.swift in Sources */,
				32764BAC20F5E474008DA055 /* AppDelegate.swift in Sources */,
				32764BC020F5E572008DA055 /* Helper.swift in Sources */,
			);
			runOnlyForDeploymentPostprocessing = 0;
		};
/* End PBXSourcesBuildPhase section */

/* Begin PBXVariantGroup section */
		32764BAF20F5E474008DA055 /* Main.storyboard */ = {
			isa = PBXVariantGroup;
			children = (
				32764BB020F5E474008DA055 /* Base */,
			);
			name = Main.storyboard;
			sourceTree = "<group>";
		};
		32764BB420F5E478008DA055 /* LaunchScreen.storyboard */ = {
			isa = PBXVariantGroup;
			children = (
				32764BB520F5E478008DA055 /* Base */,
			);
			name = LaunchScreen.storyboard;
			sourceTree = "<group>";
		};
/* End PBXVariantGroup section */

/* Begin XCBuildConfiguration section */
		32764BB820F5E478008DA055 /* Debug */ = {
			isa = XCBuildConfiguration;
			buildSettings = {
				ALWAYS_SEARCH_USER_PATHS = NO;
				CLANG_ANALYZER_NONNULL = YES;
				CLANG_ANALYZER_NUMBER_OBJECT_CONVERSION = YES_AGGRESSIVE;
				CLANG_CXX_LANGUAGE_STANDARD = "gnu++14";
				CLANG_CXX_LIBRARY = "libc++";
				CLANG_ENABLE_MODULES = YES;
				CLANG_ENABLE_OBJC_ARC = YES;
				CLANG_ENABLE_OBJC_WEAK = YES;
				CLANG_WARN_BLOCK_CAPTURE_AUTORELEASING = YES;
				CLANG_WARN_BOOL_CONVERSION = YES;
				CLANG_WARN_COMMA = YES;
				CLANG_WARN_CONSTANT_CONVERSION = YES;
				CLANG_WARN_DEPRECATED_OBJC_IMPLEMENTATIONS = YES;
				CLANG_WARN_DIRECT_OBJC_ISA_USAGE = YES_ERROR;
				CLANG_WARN_DOCUMENTATION_COMMENTS = YES;
				CLANG_WARN_EMPTY_BODY = YES;
				CLANG_WARN_ENUM_CONVERSION = YES;
				CLANG_WARN_INFINITE_RECURSION = YES;
				CLANG_WARN_INT_CONVERSION = YES;
				CLANG_WARN_NON_LITERAL_NULL_CONVERSION = YES;
				CLANG_WARN_OBJC_IMPLICIT_RETAIN_SELF = YES;
				CLANG_WARN_OBJC_LITERAL_CONVERSION = YES;
				CLANG_WARN_OBJC_ROOT_CLASS = YES_ERROR;
				CLANG_WARN_RANGE_LOOP_ANALYSIS = YES;
				CLANG_WARN_STRICT_PROTOTYPES = YES;
				CLANG_WARN_SUSPICIOUS_MOVE = YES;
				CLANG_WARN_UNGUARDED_AVAILABILITY = YES_AGGRESSIVE;
				CLANG_WARN_UNREACHABLE_CODE = YES;
				CLANG_WARN__DUPLICATE_METHOD_MATCH = YES;
				CODE_SIGN_IDENTITY = "iPhone Developer";
				COPY_PHASE_STRIP = NO;
				DEBUG_INFORMATION_FORMAT = dwarf;
				ENABLE_STRICT_OBJC_MSGSEND = YES;
				ENABLE_TESTABILITY = YES;
				GCC_C_LANGUAGE_STANDARD = gnu11;
				GCC_DYNAMIC_NO_PIC = NO;
				GCC_NO_COMMON_BLOCKS = YES;
				GCC_OPTIMIZATION_LEVEL = 0;
				GCC_PREPROCESSOR_DEFINITIONS = (
					"DEBUG=1",
					"$(inherited)",
				);
				GCC_WARN_64_TO_32_BIT_CONVERSION = YES;
				GCC_WARN_ABOUT_RETURN_TYPE = YES_ERROR;
				GCC_WARN_UNDECLARED_SELECTOR = YES;
				GCC_WARN_UNINITIALIZED_AUTOS = YES_AGGRESSIVE;
				GCC_WARN_UNUSED_FUNCTION = YES;
				GCC_WARN_UNUSED_VARIABLE = YES;
				IPHONEOS_DEPLOYMENT_TARGET = 11.4;
				MTL_ENABLE_DEBUG_INFO = YES;
				ONLY_ACTIVE_ARCH = YES;
				SDKROOT = iphoneos;
				SWIFT_ACTIVE_COMPILATION_CONDITIONS = DEBUG;
				SWIFT_OPTIMIZATION_LEVEL = "-Onone";
			};
			name = Debug;
		};
		32764BB920F5E478008DA055 /* Release */ = {
			isa = XCBuildConfiguration;
			buildSettings = {
				ALWAYS_SEARCH_USER_PATHS = NO;
				CLANG_ANALYZER_NONNULL = YES;
				CLANG_ANALYZER_NUMBER_OBJECT_CONVERSION = YES_AGGRESSIVE;
				CLANG_CXX_LANGUAGE_STANDARD = "gnu++14";
				CLANG_CXX_LIBRARY = "libc++";
				CLANG_ENABLE_MODULES = YES;
				CLANG_ENABLE_OBJC_ARC = YES;
				CLANG_ENABLE_OBJC_WEAK = YES;
				CLANG_WARN_BLOCK_CAPTURE_AUTORELEASING = YES;
				CLANG_WARN_BOOL_CONVERSION = YES;
				CLANG_WARN_COMMA = YES;
				CLANG_WARN_CONSTANT_CONVERSION = YES;
				CLANG_WARN_DEPRECATED_OBJC_IMPLEMENTATIONS = YES;
				CLANG_WARN_DIRECT_OBJC_ISA_USAGE = YES_ERROR;
				CLANG_WARN_DOCUMENTATION_COMMENTS = YES;
				CLANG_WARN_EMPTY_BODY = YES;
				CLANG_WARN_ENUM_CONVERSION = YES;
				CLANG_WARN_INFINITE_RECURSION = YES;
				CLANG_WARN_INT_CONVERSION = YES;
				CLANG_WARN_NON_LITERAL_NULL_CONVERSION = YES;
				CLANG_WARN_OBJC_IMPLICIT_RETAIN_SELF = YES;
				CLANG_WARN_OBJC_LITERAL_CONVERSION = YES;
				CLANG_WARN_OBJC_ROOT_CLASS = YES_ERROR;
				CLANG_WARN_RANGE_LOOP_ANALYSIS = YES;
				CLANG_WARN_STRICT_PROTOTYPES = YES;
				CLANG_WARN_SUSPICIOUS_MOVE = YES;
				CLANG_WARN_UNGUARDED_AVAILABILITY = YES_AGGRESSIVE;
				CLANG_WARN_UNREACHABLE_CODE = YES;
				CLANG_WARN__DUPLICATE_METHOD_MATCH = YES;
				CODE_SIGN_IDENTITY = "iPhone Developer";
				COPY_PHASE_STRIP = NO;
				DEBUG_INFORMATION_FORMAT = "dwarf-with-dsym";
				ENABLE_NS_ASSERTIONS = NO;
				ENABLE_STRICT_OBJC_MSGSEND = YES;
				GCC_C_LANGUAGE_STANDARD = gnu11;
				GCC_NO_COMMON_BLOCKS = YES;
				GCC_WARN_64_TO_32_BIT_CONVERSION = YES;
				GCC_WARN_ABOUT_RETURN_TYPE = YES_ERROR;
				GCC_WARN_UNDECLARED_SELECTOR = YES;
				GCC_WARN_UNINITIALIZED_AUTOS = YES_AGGRESSIVE;
				GCC_WARN_UNUSED_FUNCTION = YES;
				GCC_WARN_UNUSED_VARIABLE = YES;
				IPHONEOS_DEPLOYMENT_TARGET = 11.4;
				MTL_ENABLE_DEBUG_INFO = NO;
				SDKROOT = iphoneos;
				SWIFT_COMPILATION_MODE = wholemodule;
				SWIFT_OPTIMIZATION_LEVEL = "-O";
				VALIDATE_PRODUCT = YES;
			};
			name = Release;
		};
		32764BBB20F5E478008DA055 /* Debug */ = {
			isa = XCBuildConfiguration;
			buildSettings = {
				ASSETCATALOG_COMPILER_APPICON_NAME = AppIcon;
				CODE_SIGN_STYLE = Automatic;
				DEVELOPMENT_TEAM = VMK9JD3ABH;
				INFOPLIST_FILE = SwiftProject2/Info.plist;
				IPHONEOS_DEPLOYMENT_TARGET = 9.0;
				LD_RUNPATH_SEARCH_PATHS = (
					"$(inherited)",
					"@executable_path/Frameworks",
				);
				PRODUCT_BUNDLE_IDENTIFIER = DX.SwiftProject2;
				PRODUCT_NAME = "$(TARGET_NAME)";
				SWIFT_VERSION = 4.0;
				TARGETED_DEVICE_FAMILY = "1,2";
			};
			name = Debug;
		};
		32764BBC20F5E478008DA055 /* Release */ = {
			isa = XCBuildConfiguration;
			buildSettings = {
				ASSETCATALOG_COMPILER_APPICON_NAME = AppIcon;
				CODE_SIGN_STYLE = Automatic;
				DEVELOPMENT_TEAM = VMK9JD3ABH;
				INFOPLIST_FILE = SwiftProject2/Info.plist;
				IPHONEOS_DEPLOYMENT_TARGET = 9.0;
				LD_RUNPATH_SEARCH_PATHS = (
					"$(inherited)",
					"@executable_path/Frameworks",
				);
				PRODUCT_BUNDLE_IDENTIFIER = DX.SwiftProject2;
				PRODUCT_NAME = "$(TARGET_NAME)";
				SWIFT_VERSION = 4.0;
				TARGETED_DEVICE_FAMILY = "1,2";
			};
			name = Release;
		};
/* End XCBuildConfiguration section */

/* Begin XCConfigurationList section */
		32764BA320F5E473008DA055 /* Build configuration list for PBXProject "SwiftProject2" */ = {
			isa = XCConfigurationList;
			buildConfigurations = (
				32764BB820F5E478008DA055 /* Debug */,
				32764BB920F5E478008DA055 /* Release */,
			);
			defaultConfigurationIsVisible = 0;
			defaultConfigurationName = Release;
		};
		32764BBA20F5E478008DA055 /* Build configuration list for PBXNativeTarget "SwiftProject2" */ = {
			isa = XCConfigurationList;
			buildConfigurations = (
				32764BBB20F5E478008DA055 /* Debug */,
				32764BBC20F5E478008DA055 /* Release */,
			);
			defaultConfigurationIsVisible = 0;
			defaultConfigurationName = Release;
		};
/* End XCConfigurationList section */
	};
	rootObject = 32764BA020F5E473008DA055 /* Project object */;
}
