// !$*UTF8*$!
{
	archiveVersion = 1;
	classes = {
	};
	objectVersion = 50;
	objects = {

/* Begin PBXBuildFile section */
		20766EAF21491C9900310244 /* FBMeBaseViewController.swift in Sources */ = {isa = PBXBuildFile; fileRef = 20766EAE21491C9900310244 /* FBMeBaseViewController.swift */; };
		20766EB121491CE900310244 /* FBMeViewController.swift in Sources */ = {isa = PBXBuildFile; fileRef = 20766EB021491CE900310244 /* FBMeViewController.swift */; };
		20766EB321491D1800310244 /* FBMeBaseCell.swift in Sources */ = {isa = PBXBuildFile; fileRef = 20766EB221491D1800310244 /* FBMeBaseCell.swift */; };
		20BD0362213C08BD003667EF /* AppDelegate.swift in Sources */ = {isa = PBXBuildFile; fileRef = 20BD0361213C08BD003667EF /* AppDelegate.swift */; };
		20BD0367213C08BD003667EF /* Main.storyboard in Resources */ = {isa = PBXBuildFile; fileRef = 20BD0365213C08BD003667EF /* Main.storyboard */; };
		20BD0369213C08BF003667EF /* Assets.xcassets in Resources */ = {isa = PBXBuildFile; fileRef = 20BD0368213C08BF003667EF /* Assets.xcassets */; };
		20BD036C213C08BF003667EF /* LaunchScreen.storyboard in Resources */ = {isa = PBXBuildFile; fileRef = 20BD036A213C08BF003667EF /* LaunchScreen.storyboard */; };
		20BD0378213C0B28003667EF /* Specs.swift in Sources */ = {isa = PBXBuildFile; fileRef = 20BD0377213C0B28003667EF /* Specs.swift */; };
		20BD037A213C14AC003667EF /* UIColor+Extension.swift in Sources */ = {isa = PBXBuildFile; fileRef = 20BD0379213C14AC003667EF /* UIColor+Extension.swift */; };
		20BD037C213C154D003667EF /* TableKeys.swift in Sources */ = {isa = PBXBuildFile; fileRef = 20BD037B213C154D003667EF /* TableKeys.swift */; };
		20BD037E213C162F003667EF /* FBMeUser.swift in Sources */ = {isa = PBXBuildFile; fileRef = 20BD037D213C162F003667EF /* FBMeUser.swift */; };
/* End PBXBuildFile section */

/* Begin PBXFileReference section */
		20766EAE21491C9900310244 /* FBMeBaseViewController.swift */ = {isa = PBXFileReference; lastKnownFileType = sourcecode.swift; path = FBMeBaseViewController.swift; sourceTree = "<group>"; };
		20766EB021491CE900310244 /* FBMeViewController.swift */ = {isa = PBXFileReference; lastKnownFileType = sourcecode.swift; path = FBMeViewController.swift; sourceTree = "<group>"; };
		20766EB221491D1800310244 /* FBMeBaseCell.swift */ = {isa = PBXFileReference; lastKnownFileType = sourcecode.swift; path = FBMeBaseCell.swift; sourceTree = "<group>"; };
		20BD035E213C08BD003667EF /* SwiftProject9.app */ = {isa = PBXFileReference; explicitFileType = wrapper.application; includeInIndex = 0; path = SwiftProject9.app; sourceTree = BUILT_PRODUCTS_DIR; };
		20BD0361213C08BD003667EF /* AppDelegate.swift */ = {isa = PBXFileReference; lastKnownFileType = sourcecode.swift; path = AppDelegate.swift; sourceTree = "<group>"; };
		20BD0366213C08BD003667EF /* Base */ = {isa = PBXFileReference; lastKnownFileType = file.storyboard; name = Base; path = Base.lproj/Main.storyboard; sourceTree = "<group>"; };
		20BD0368213C08BF003667EF /* Assets.xcassets */ = {isa = PBXFileReference; lastKnownFileType = folder.assetcatalog; path = Assets.xcassets; sourceTree = "<group>"; };
		20BD036B213C08BF003667EF /* Base */ = {isa = PBXFileReference; lastKnownFileType = file.storyboard; name = Base; path = Base.lproj/LaunchScreen.storyboard; sourceTree = "<group>"; };
		20BD036D213C08BF003667EF /* Info.plist */ = {isa = PBXFileReference; lastKnownFileType = text.plist.xml; path = Info.plist; sourceTree = "<group>"; };
		20BD0377213C0B28003667EF /* Specs.swift */ = {isa = PBXFileReference; lastKnownFileType = sourcecode.swift; path = Specs.swift; sourceTree = "<group>"; };
		20BD0379213C14AC003667EF /* UIColor+Extension.swift */ = {isa = PBXFileReference; lastKnownFileType = sourcecode.swift; path = "UIColor+Extension.swift"; sourceTree = "<group>"; };
		20BD037B213C154D003667EF /* TableKeys.swift */ = {isa = PBXFileReference; lastKnownFileType = sourcecode.swift; path = TableKeys.swift; sourceTree = "<group>"; };
		20BD037D213C162F003667EF /* FBMeUser.swift */ = {isa = PBXFileReference; lastKnownFileType = sourcecode.swift; path = FBMeUser.swift; sourceTree = "<group>"; };
/* End PBXFileReference section */

/* Begin PBXFrameworksBuildPhase section */
		20BD035B213C08BD003667EF /* Frameworks */ = {
			isa = PBXFrameworksBuildPhase;
			buildActionMask = 2147483647;
			files = (
			);
			runOnlyForDeploymentPostprocessing = 0;
		};
/* End PBXFrameworksBuildPhase section */

/* Begin PBXGroup section */
		20766EAD21491C4C00310244 /* Model */ = {
			isa = PBXGroup;
			children = (
				20BD037D213C162F003667EF /* FBMeUser.swift */,
			);
			name = Model;
			sourceTree = "<group>";
		};
		20766EB421491D1E00310244 /* View */ = {
			isa = PBXGroup;
			children = (
				20766EB221491D1800310244 /* FBMeBaseCell.swift */,
			);
			name = View;
			sourceTree = "<group>";
		};
		20766EB521491D2A00310244 /* ViewController */ = {
			isa = PBXGroup;
			children = (
				20766EAE21491C9900310244 /* FBMeBaseViewController.swift */,
				20766EB021491CE900310244 /* FBMeViewController.swift */,
			);
			name = ViewController;
			sourceTree = "<group>";
		};
		20BD0355213C08BD003667EF = {
			isa = PBXGroup;
			children = (
				20BD0360213C08BD003667EF /* SwiftProject9 */,
				20BD035F213C08BD003667EF /* Products */,
			);
			sourceTree = "<group>";
		};
		20BD035F213C08BD003667EF /* Products */ = {
			isa = PBXGroup;
			children = (
				20BD035E213C08BD003667EF /* SwiftProject9.app */,
			);
			name = Products;
			sourceTree = "<group>";
		};
		20BD0360213C08BD003667EF /* SwiftProject9 */ = {
			isa = PBXGroup;
			children = (
				20BD0361213C08BD003667EF /* AppDelegate.swift */,
				20766EB521491D2A00310244 /* ViewController */,
				20766EB421491D1E00310244 /* View */,
				20766EAD21491C4C00310244 /* Model */,
				20BD0374213C0AD1003667EF /* Helper */,
				20BD0365213C08BD003667EF /* Main.storyboard */,
				20BD0368213C08BF003667EF /* Assets.xcassets */,
				20BD036A213C08BF003667EF /* LaunchScreen.storyboard */,
				20BD036D213C08BF003667EF /* Info.plist */,
			);
			path = SwiftProject9;
			sourceTree = "<group>";
		};
		20BD0374213C0AD1003667EF /* Helper */ = {
			isa = PBXGroup;
			children = (
				20BD0377213C0B28003667EF /* Specs.swift */,
				20BD0379213C14AC003667EF /* UIColor+Extension.swift */,
				20BD037B213C154D003667EF /* TableKeys.swift */,
			);
			name = Helper;
			sourceTree = "<group>";
		};
/* End PBXGroup section */

/* Begin PBXNativeTarget section */
		20BD035D213C08BD003667EF /* SwiftProject9 */ = {
			isa = PBXNativeTarget;
			buildConfigurationList = 20BD0370213C08BF003667EF /* Build configuration list for PBXNativeTarget "SwiftProject9" */;
			buildPhases = (
				20BD035A213C08BD003667EF /* Sources */,
				20BD035B213C08BD003667EF /* Frameworks */,
				20BD035C213C08BD003667EF /* Resources */,
			);
			buildRules = (
			);
			dependencies = (
			);
			name = SwiftProject9;
			productName = SwiftProject9;
			productReference = 20BD035E213C08BD003667EF /* SwiftProject9.app */;
			productType = "com.apple.product-type.application";
		};
/* End PBXNativeTarget section */

/* Begin PBXProject section */
		20BD0356213C08BD003667EF /* Project object */ = {
			isa = PBXProject;
			attributes = {
				LastSwiftUpdateCheck = 0940;
				LastUpgradeCheck = 0940;
				ORGANIZATIONNAME = DaXiong;
				TargetAttributes = {
					20BD035D213C08BD003667EF = {
						CreatedOnToolsVersion = 9.4.1;
					};
				};
			};
			buildConfigurationList = 20BD0359213C08BD003667EF /* Build configuration list for PBXProject "SwiftProject9" */;
			compatibilityVersion = "Xcode 9.3";
			developmentRegion = en;
			hasScannedForEncodings = 0;
			knownRegions = (
				en,
				Base,
			);
			mainGroup = 20BD0355213C08BD003667EF;
			productRefGroup = 20BD035F213C08BD003667EF /* Products */;
			projectDirPath = "";
			projectRoot = "";
			targets = (
				20BD035D213C08BD003667EF /* SwiftProject9 */,
			);
		};
/* End PBXProject section */

/* Begin PBXResourcesBuildPhase section */
		20BD035C213C08BD003667EF /* Resources */ = {
			isa = PBXResourcesBuildPhase;
			buildActionMask = 2147483647;
			files = (
				20BD036C213C08BF003667EF /* LaunchScreen.storyboard in Resources */,
				20BD0369213C08BF003667EF /* Assets.xcassets in Resources */,
				20BD0367213C08BD003667EF /* Main.storyboard in Resources */,
			);
			runOnlyForDeploymentPostprocessing = 0;
		};
/* End PBXResourcesBuildPhase section */

/* Begin PBXSourcesBuildPhase section */
		20BD035A213C08BD003667EF /* Sources */ = {
			isa = PBXSourcesBuildPhase;
			buildActionMask = 2147483647;
			files = (
				20BD037A213C14AC003667EF /* UIColor+Extension.swift in Sources */,
				20766EB121491CE900310244 /* FBMeViewController.swift in Sources */,
				20766EB321491D1800310244 /* FBMeBaseCell.swift in Sources */,
				20766EAF21491C9900310244 /* FBMeBaseViewController.swift in Sources */,
				20BD0378213C0B28003667EF /* Specs.swift in Sources */,
				20BD037E213C162F003667EF /* FBMeUser.swift in Sources */,
				20BD037C213C154D003667EF /* TableKeys.swift in Sources */,
				20BD0362213C08BD003667EF /* AppDelegate.swift in Sources */,
			);
			runOnlyForDeploymentPostprocessing = 0;
		};
/* End PBXSourcesBuildPhase section */

/* Begin PBXVariantGroup section */
		20BD0365213C08BD003667EF /* Main.storyboard */ = {
			isa = PBXVariantGroup;
			children = (
				20BD0366213C08BD003667EF /* Base */,
			);
			name = Main.storyboard;
			sourceTree = "<group>";
		};
		20BD036A213C08BF003667EF /* LaunchScreen.storyboard */ = {
			isa = PBXVariantGroup;
			children = (
				20BD036B213C08BF003667EF /* Base */,
			);
			name = LaunchScreen.storyboard;
			sourceTree = "<group>";
		};
/* End PBXVariantGroup section */

/* Begin XCBuildConfiguration section */
		20BD036E213C08BF003667EF /* Debug */ = {
			isa = XCBuildConfiguration;
			buildSettings = {
				ALWAYS_SEARCH_USER_PATHS = NO;
				CLANG_ANALYZER_NONNULL = YES;
				CLANG_ANALYZER_NUMBER_OBJECT_CONVERSION = YES_AGGRESSIVE;
				CLANG_CXX_LANGUAGE_STANDARD = "gnu++14";
				CLANG_CXX_LIBRARY = "libc++";
				CLANG_ENABLE_MODULES = YES;
				CLANG_ENABLE_OBJC_ARC = YES;
				CLANG_ENABLE_OBJC_WEAK = YES;
				CLANG_WARN_BLOCK_CAPTURE_AUTORELEASING = YES;
				CLANG_WARN_BOOL_CONVERSION = YES;
				CLANG_WARN_COMMA = YES;
				CLANG_WARN_CONSTANT_CONVERSION = YES;
				CLANG_WARN_DEPRECATED_OBJC_IMPLEMENTATIONS = YES;
				CLANG_WARN_DIRECT_OBJC_ISA_USAGE = YES_ERROR;
				CLANG_WARN_DOCUMENTATION_COMMENTS = YES;
				CLANG_WARN_EMPTY_BODY = YES;
				CLANG_WARN_ENUM_CONVERSION = YES;
				CLANG_WARN_INFINITE_RECURSION = YES;
				CLANG_WARN_INT_CONVERSION = YES;
				CLANG_WARN_NON_LITERAL_NULL_CONVERSION = YES;
				CLANG_WARN_OBJC_IMPLICIT_RETAIN_SELF = YES;
				CLANG_WARN_OBJC_LITERAL_CONVERSION = YES;
				CLANG_WARN_OBJC_ROOT_CLASS = YES_ERROR;
				CLANG_WARN_RANGE_LOOP_ANALYSIS = YES;
				CLANG_WARN_STRICT_PROTOTYPES = YES;
				CLANG_WARN_SUSPICIOUS_MOVE = YES;
				CLANG_WARN_UNGUARDED_AVAILABILITY = YES_AGGRESSIVE;
				CLANG_WARN_UNREACHABLE_CODE = YES;
				CLANG_WARN__DUPLICATE_METHOD_MATCH = YES;
				CODE_SIGN_IDENTITY = "iPhone Developer";
				COPY_PHASE_STRIP = NO;
				DEBUG_INFORMATION_FORMAT = dwarf;
				ENABLE_STRICT_OBJC_MSGSEND = YES;
				ENABLE_TESTABILITY = YES;
				GCC_C_LANGUAGE_STANDARD = gnu11;
				GCC_DYNAMIC_NO_PIC = NO;
				GCC_NO_COMMON_BLOCKS = YES;
				GCC_OPTIMIZATION_LEVEL = 0;
				GCC_PREPROCESSOR_DEFINITIONS = (
					"DEBUG=1",
					"$(inherited)",
				);
				GCC_WARN_64_TO_32_BIT_CONVERSION = YES;
				GCC_WARN_ABOUT_RETURN_TYPE = YES_ERROR;
				GCC_WARN_UNDECLARED_SELECTOR = YES;
				GCC_WARN_UNINITIALIZED_AUTOS = YES_AGGRESSIVE;
				GCC_WARN_UNUSED_FUNCTION = YES;
				GCC_WARN_UNUSED_VARIABLE = YES;
				IPHONEOS_DEPLOYMENT_TARGET = 11.4;
				MTL_ENABLE_DEBUG_INFO = YES;
				ONLY_ACTIVE_ARCH = YES;
				SDKROOT = iphoneos;
				SWIFT_ACTIVE_COMPILATION_CONDITIONS = DEBUG;
				SWIFT_OPTIMIZATION_LEVEL = "-Onone";
			};
			name = Debug;
		};
		20BD036F213C08BF003667EF /* Release */ = {
			isa = XCBuildConfiguration;
			buildSettings = {
				ALWAYS_SEARCH_USER_PATHS = NO;
				CLANG_ANALYZER_NONNULL = YES;
				CLANG_ANALYZER_NUMBER_OBJECT_CONVERSION = YES_AGGRESSIVE;
				CLANG_CXX_LANGUAGE_STANDARD = "gnu++14";
				CLANG_CXX_LIBRARY = "libc++";
				CLANG_ENABLE_MODULES = YES;
				CLANG_ENABLE_OBJC_ARC = YES;
				CLANG_ENABLE_OBJC_WEAK = YES;
				CLANG_WARN_BLOCK_CAPTURE_AUTORELEASING = YES;
				CLANG_WARN_BOOL_CONVERSION = YES;
				CLANG_WARN_COMMA = YES;
				CLANG_WARN_CONSTANT_CONVERSION = YES;
				CLANG_WARN_DEPRECATED_OBJC_IMPLEMENTATIONS = YES;
				CLANG_WARN_DIRECT_OBJC_ISA_USAGE = YES_ERROR;
				CLANG_WARN_DOCUMENTATION_COMMENTS = YES;
				CLANG_WARN_EMPTY_BODY = YES;
				CLANG_WARN_ENUM_CONVERSION = YES;
				CLANG_WARN_INFINITE_RECURSION = YES;
				CLANG_WARN_INT_CONVERSION = YES;
				CLANG_WARN_NON_LITERAL_NULL_CONVERSION = YES;
				CLANG_WARN_OBJC_IMPLICIT_RETAIN_SELF = YES;
				CLANG_WARN_OBJC_LITERAL_CONVERSION = YES;
				CLANG_WARN_OBJC_ROOT_CLASS = YES_ERROR;
				CLANG_WARN_RANGE_LOOP_ANALYSIS = YES;
				CLANG_WARN_STRICT_PROTOTYPES = YES;
				CLANG_WARN_SUSPICIOUS_MOVE = YES;
				CLANG_WARN_UNGUARDED_AVAILABILITY = YES_AGGRESSIVE;
				CLANG_WARN_UNREACHABLE_CODE = YES;
				CLANG_WARN__DUPLICATE_METHOD_MATCH = YES;
				CODE_SIGN_IDENTITY = "iPhone Developer";
				COPY_PHASE_STRIP = NO;
				DEBUG_INFORMATION_FORMAT = "dwarf-with-dsym";
				ENABLE_NS_ASSERTIONS = NO;
				ENABLE_STRICT_OBJC_MSGSEND = YES;
				GCC_C_LANGUAGE_STANDARD = gnu11;
				GCC_NO_COMMON_BLOCKS = YES;
				GCC_WARN_64_TO_32_BIT_CONVERSION = YES;
				GCC_WARN_ABOUT_RETURN_TYPE = YES_ERROR;
				GCC_WARN_UNDECLARED_SELECTOR = YES;
				GCC_WARN_UNINITIALIZED_AUTOS = YES_AGGRESSIVE;
				GCC_WARN_UNUSED_FUNCTION = YES;
				GCC_WARN_UNUSED_VARIABLE = YES;
				IPHONEOS_DEPLOYMENT_TARGET = 11.4;
				MTL_ENABLE_DEBUG_INFO = NO;
				SDKROOT = iphoneos;
				SWIFT_COMPILATION_MODE = wholemodule;
				SWIFT_OPTIMIZATION_LEVEL = "-O";
				VALIDATE_PRODUCT = YES;
			};
			name = Release;
		};
		20BD0371213C08BF003667EF /* Debug */ = {
			isa = XCBuildConfiguration;
			buildSettings = {
				ASSETCATALOG_COMPILER_APPICON_NAME = AppIcon;
				CODE_SIGN_STYLE = Automatic;
				DEVELOPMENT_TEAM = VMK9JD3ABH;
				INFOPLIST_FILE = SwiftProject9/Info.plist;
				IPHONEOS_DEPLOYMENT_TARGET = 9.0;
				LD_RUNPATH_SEARCH_PATHS = (
					"$(inherited)",
					"@executable_path/Frameworks",
				);
				PRODUCT_BUNDLE_IDENTIFIER = com.daxiong.SwiftProject9;
				PRODUCT_NAME = "$(TARGET_NAME)";
				SWIFT_VERSION = 4.0;
				TARGETED_DEVICE_FAMILY = "1,2";
			};
			name = Debug;
		};
		20BD0372213C08BF003667EF /* Release */ = {
			isa = XCBuildConfiguration;
			buildSettings = {
				ASSETCATALOG_COMPILER_APPICON_NAME = AppIcon;
				CODE_SIGN_STYLE = Automatic;
				DEVELOPMENT_TEAM = VMK9JD3ABH;
				INFOPLIST_FILE = SwiftProject9/Info.plist;
				IPHONEOS_DEPLOYMENT_TARGET = 9.0;
				LD_RUNPATH_SEARCH_PATHS = (
					"$(inherited)",
					"@executable_path/Frameworks",
				);
				PRODUCT_BUNDLE_IDENTIFIER = com.daxiong.SwiftProject9;
				PRODUCT_NAME = "$(TARGET_NAME)";
				SWIFT_VERSION = 4.0;
				TARGETED_DEVICE_FAMILY = "1,2";
			};
			name = Release;
		};
/* End XCBuildConfiguration section */

/* Begin XCConfigurationList section */
		20BD0359213C08BD003667EF /* Build configuration list for PBXProject "SwiftProject9" */ = {
			isa = XCConfigurationList;
			buildConfigurations = (
				20BD036E213C08BF003667EF /* Debug */,
				20BD036F213C08BF003667EF /* Release */,
			);
			defaultConfigurationIsVisible = 0;
			defaultConfigurationName = Release;
		};
		20BD0370213C08BF003667EF /* Build configuration list for PBXNativeTarget "SwiftProject9" */ = {
			isa = XCConfigurationList;
			buildConfigurations = (
				20BD0371213C08BF003667EF /* Debug */,
				20BD0372213C08BF003667EF /* Release */,
			);
			defaultConfigurationIsVisible = 0;
			defaultConfigurationName = Release;
		};
/* End XCConfigurationList section */
	};
	rootObject = 20BD0356213C08BD003667EF /* Project object */;
}
