// !$*UTF8*$!
{
	archiveVersion = 1;
	classes = {
	};
	objectVersion = 50;
	objects = {

/* Begin PBXBuildFile section */
		201BE34B21CFCA8B00AB505B /* AppDelegate.swift in Sources */ = {isa = PBXBuildFile; fileRef = 201BE34A21CFCA8B00AB505B /* AppDelegate.swift */; };
		201BE34D21CFCA8B00AB505B /* ViewController.swift in Sources */ = {isa = PBXBuildFile; fileRef = 201BE34C21CFCA8B00AB505B /* ViewController.swift */; };
		201BE35021CFCA8B00AB505B /* Main.storyboard in Resources */ = {isa = PBXBuildFile; fileRef = 201BE34E21CFCA8B00AB505B /* Main.storyboard */; };
		201BE35221CFCA8C00AB505B /* Assets.xcassets in Resources */ = {isa = PBXBuildFile; fileRef = 201BE35121CFCA8C00AB505B /* Assets.xcassets */; };
		201BE35521CFCA8C00AB505B /* LaunchScreen.storyboard in Resources */ = {isa = PBXBuildFile; fileRef = 201BE35321CFCA8C00AB505B /* LaunchScreen.storyboard */; };
		201BE36121CFDB3E00AB505B /* MyCell.swift in Sources */ = {isa = PBXBuildFile; fileRef = 201BE35F21CFDB3E00AB505B /* MyCell.swift */; };
		201BE36221CFDB3E00AB505B /* MyCell.xib in Resources */ = {isa = PBXBuildFile; fileRef = 201BE36021CFDB3E00AB505B /* MyCell.xib */; };
/* End PBXBuildFile section */

/* Begin PBXFileReference section */
		201BE34721CFCA8B00AB505B /* swiftProject18.app */ = {isa = PBXFileReference; explicitFileType = wrapper.application; includeInIndex = 0; path = swiftProject18.app; sourceTree = BUILT_PRODUCTS_DIR; };
		201BE34A21CFCA8B00AB505B /* AppDelegate.swift */ = {isa = PBXFileReference; lastKnownFileType = sourcecode.swift; path = AppDelegate.swift; sourceTree = "<group>"; };
		201BE34C21CFCA8B00AB505B /* ViewController.swift */ = {isa = PBXFileReference; lastKnownFileType = sourcecode.swift; path = ViewController.swift; sourceTree = "<group>"; };
		201BE34F21CFCA8B00AB505B /* Base */ = {isa = PBXFileReference; lastKnownFileType = file.storyboard; name = Base; path = Base.lproj/Main.storyboard; sourceTree = "<group>"; };
		201BE35121CFCA8C00AB505B /* Assets.xcassets */ = {isa = PBXFileReference; lastKnownFileType = folder.assetcatalog; path = Assets.xcassets; sourceTree = "<group>"; };
		201BE35421CFCA8C00AB505B /* Base */ = {isa = PBXFileReference; lastKnownFileType = file.storyboard; name = Base; path = Base.lproj/LaunchScreen.storyboard; sourceTree = "<group>"; };
		201BE35621CFCA8C00AB505B /* Info.plist */ = {isa = PBXFileReference; lastKnownFileType = text.plist.xml; path = Info.plist; sourceTree = "<group>"; };
		201BE35F21CFDB3E00AB505B /* MyCell.swift */ = {isa = PBXFileReference; lastKnownFileType = sourcecode.swift; path = MyCell.swift; sourceTree = "<group>"; };
		201BE36021CFDB3E00AB505B /* MyCell.xib */ = {isa = PBXFileReference; lastKnownFileType = file.xib; path = MyCell.xib; sourceTree = "<group>"; };
/* End PBXFileReference section */

/* Begin PBXFrameworksBuildPhase section */
		201BE34421CFCA8B00AB505B /* Frameworks */ = {
			isa = PBXFrameworksBuildPhase;
			buildActionMask = 2147483647;
			files = (
			);
			runOnlyForDeploymentPostprocessing = 0;
		};
/* End PBXFrameworksBuildPhase section */

/* Begin PBXGroup section */
		201BE33E21CFCA8B00AB505B = {
			isa = PBXGroup;
			children = (
				201BE34921CFCA8B00AB505B /* swiftProject18 */,
				201BE34821CFCA8B00AB505B /* Products */,
			);
			sourceTree = "<group>";
		};
		201BE34821CFCA8B00AB505B /* Products */ = {
			isa = PBXGroup;
			children = (
				201BE34721CFCA8B00AB505B /* swiftProject18.app */,
			);
			name = Products;
			sourceTree = "<group>";
		};
		201BE34921CFCA8B00AB505B /* swiftProject18 */ = {
			isa = PBXGroup;
			children = (
				201BE34A21CFCA8B00AB505B /* AppDelegate.swift */,
				201BE34C21CFCA8B00AB505B /* ViewController.swift */,
				201BE35F21CFDB3E00AB505B /* MyCell.swift */,
				201BE36021CFDB3E00AB505B /* MyCell.xib */,
				201BE34E21CFCA8B00AB505B /* Main.storyboard */,
				201BE35121CFCA8C00AB505B /* Assets.xcassets */,
				201BE35321CFCA8C00AB505B /* LaunchScreen.storyboard */,
				201BE35621CFCA8C00AB505B /* Info.plist */,
			);
			path = swiftProject18;
			sourceTree = "<group>";
		};
/* End PBXGroup section */

/* Begin PBXNativeTarget section */
		201BE34621CFCA8B00AB505B /* swiftProject18 */ = {
			isa = PBXNativeTarget;
			buildConfigurationList = 201BE35921CFCA8C00AB505B /* Build configuration list for PBXNativeTarget "swiftProject18" */;
			buildPhases = (
				201BE34321CFCA8B00AB505B /* Sources */,
				201BE34421CFCA8B00AB505B /* Frameworks */,
				201BE34521CFCA8B00AB505B /* Resources */,
			);
			buildRules = (
			);
			dependencies = (
			);
			name = swiftProject18;
			productName = swiftProject18;
			productReference = 201BE34721CFCA8B00AB505B /* swiftProject18.app */;
			productType = "com.apple.product-type.application";
		};
/* End PBXNativeTarget section */

/* Begin PBXProject section */
		201BE33F21CFCA8B00AB505B /* Project object */ = {
			isa = PBXProject;
			attributes = {
				LastSwiftUpdateCheck = 1010;
				LastUpgradeCheck = 1010;
				ORGANIZATIONNAME = DaXiong;
				TargetAttributes = {
					201BE34621CFCA8B00AB505B = {
						CreatedOnToolsVersion = 10.1;
					};
				};
			};
			buildConfigurationList = 201BE34221CFCA8B00AB505B /* Build configuration list for PBXProject "swiftProject18" */;
			compatibilityVersion = "Xcode 9.3";
			developmentRegion = en;
			hasScannedForEncodings = 0;
			knownRegions = (
				en,
				Base,
			);
			mainGroup = 201BE33E21CFCA8B00AB505B;
			productRefGroup = 201BE34821CFCA8B00AB505B /* Products */;
			projectDirPath = "";
			projectRoot = "";
			targets = (
				201BE34621CFCA8B00AB505B /* swiftProject18 */,
			);
		};
/* End PBXProject section */

/* Begin PBXResourcesBuildPhase section */
		201BE34521CFCA8B00AB505B /* Resources */ = {
			isa = PBXResourcesBuildPhase;
			buildActionMask = 2147483647;
			files = (
				201BE35521CFCA8C00AB505B /* LaunchScreen.storyboard in Resources */,
				201BE36221CFDB3E00AB505B /* MyCell.xib in Resources */,
				201BE35221CFCA8C00AB505B /* Assets.xcassets in Resources */,
				201BE35021CFCA8B00AB505B /* Main.storyboard in Resources */,
			);
			runOnlyForDeploymentPostprocessing = 0;
		};
/* End PBXResourcesBuildPhase section */

/* Begin PBXSourcesBuildPhase section */
		201BE34321CFCA8B00AB505B /* Sources */ = {
			isa = PBXSourcesBuildPhase;
			buildActionMask = 2147483647;
			files = (
				201BE36121CFDB3E00AB505B /* MyCell.swift in Sources */,
				201BE34D21CFCA8B00AB505B /* ViewController.swift in Sources */,
				201BE34B21CFCA8B00AB505B /* AppDelegate.swift in Sources */,
			);
			runOnlyForDeploymentPostprocessing = 0;
		};
/* End PBXSourcesBuildPhase section */

/* Begin PBXVariantGroup section */
		201BE34E21CFCA8B00AB505B /* Main.storyboard */ = {
			isa = PBXVariantGroup;
			children = (
				201BE34F21CFCA8B00AB505B /* Base */,
			);
			name = Main.storyboard;
			sourceTree = "<group>";
		};
		201BE35321CFCA8C00AB505B /* LaunchScreen.storyboard */ = {
			isa = PBXVariantGroup;
			children = (
				201BE35421CFCA8C00AB505B /* Base */,
			);
			name = LaunchScreen.storyboard;
			sourceTree = "<group>";
		};
/* End PBXVariantGroup section */

/* Begin XCBuildConfiguration section */
		201BE35721CFCA8C00AB505B /* Debug */ = {
			isa = XCBuildConfiguration;
			buildSettings = {
				ALWAYS_SEARCH_USER_PATHS = NO;
				CLANG_ANALYZER_NONNULL = YES;
				CLANG_ANALYZER_NUMBER_OBJECT_CONVERSION = YES_AGGRESSIVE;
				CLANG_CXX_LANGUAGE_STANDARD = "gnu++14";
				CLANG_CXX_LIBRARY = "libc++";
				CLANG_ENABLE_MODULES = YES;
				CLANG_ENABLE_OBJC_ARC = YES;
				CLANG_ENABLE_OBJC_WEAK = YES;
				CLANG_WARN_BLOCK_CAPTURE_AUTORELEASING = YES;
				CLANG_WARN_BOOL_CONVERSION = YES;
				CLANG_WARN_COMMA = YES;
				CLANG_WARN_CONSTANT_CONVERSION = YES;
				CLANG_WARN_DEPRECATED_OBJC_IMPLEMENTATIONS = YES;
				CLANG_WARN_DIRECT_OBJC_ISA_USAGE = YES_ERROR;
				CLANG_WARN_DOCUMENTATION_COMMENTS = YES;
				CLANG_WARN_EMPTY_BODY = YES;
				CLANG_WARN_ENUM_CONVERSION = YES;
				CLANG_WARN_INFINITE_RECURSION = YES;
				CLANG_WARN_INT_CONVERSION = YES;
				CLANG_WARN_NON_LITERAL_NULL_CONVERSION = YES;
				CLANG_WARN_OBJC_IMPLICIT_RETAIN_SELF = YES;
				CLANG_WARN_OBJC_LITERAL_CONVERSION = YES;
				CLANG_WARN_OBJC_ROOT_CLASS = YES_ERROR;
				CLANG_WARN_RANGE_LOOP_ANALYSIS = YES;
				CLANG_WARN_STRICT_PROTOTYPES = YES;
				CLANG_WARN_SUSPICIOUS_MOVE = YES;
				CLANG_WARN_UNGUARDED_AVAILABILITY = YES_AGGRESSIVE;
				CLANG_WARN_UNREACHABLE_CODE = YES;
				CLANG_WARN__DUPLICATE_METHOD_MATCH = YES;
				CODE_SIGN_IDENTITY = "iPhone Developer";
				COPY_PHASE_STRIP = NO;
				DEBUG_INFORMATION_FORMAT = dwarf;
				ENABLE_STRICT_OBJC_MSGSEND = YES;
				ENABLE_TESTABILITY = YES;
				GCC_C_LANGUAGE_STANDARD = gnu11;
				GCC_DYNAMIC_NO_PIC = NO;
				GCC_NO_COMMON_BLOCKS = YES;
				GCC_OPTIMIZATION_LEVEL = 0;
				GCC_PREPROCESSOR_DEFINITIONS = (
					"DEBUG=1",
					"$(inherited)",
				);
				GCC_WARN_64_TO_32_BIT_CONVERSION = YES;
				GCC_WARN_ABOUT_RETURN_TYPE = YES_ERROR;
				GCC_WARN_UNDECLARED_SELECTOR = YES;
				GCC_WARN_UNINITIALIZED_AUTOS = YES_AGGRESSIVE;
				GCC_WARN_UNUSED_FUNCTION = YES;
				GCC_WARN_UNUSED_VARIABLE = YES;
				IPHONEOS_DEPLOYMENT_TARGET = 12.1;
				MTL_ENABLE_DEBUG_INFO = INCLUDE_SOURCE;
				MTL_FAST_MATH = YES;
				ONLY_ACTIVE_ARCH = YES;
				SDKROOT = iphoneos;
				SWIFT_ACTIVE_COMPILATION_CONDITIONS = DEBUG;
				SWIFT_OPTIMIZATION_LEVEL = "-Onone";
			};
			name = Debug;
		};
		201BE35821CFCA8C00AB505B /* Release */ = {
			isa = XCBuildConfiguration;
			buildSettings = {
				ALWAYS_SEARCH_USER_PATHS = NO;
				CLANG_ANALYZER_NONNULL = YES;
				CLANG_ANALYZER_NUMBER_OBJECT_CONVERSION = YES_AGGRESSIVE;
				CLANG_CXX_LANGUAGE_STANDARD = "gnu++14";
				CLANG_CXX_LIBRARY = "libc++";
				CLANG_ENABLE_MODULES = YES;
				CLANG_ENABLE_OBJC_ARC = YES;
				CLANG_ENABLE_OBJC_WEAK = YES;
				CLANG_WARN_BLOCK_CAPTURE_AUTORELEASING = YES;
				CLANG_WARN_BOOL_CONVERSION = YES;
				CLANG_WARN_COMMA = YES;
				CLANG_WARN_CONSTANT_CONVERSION = YES;
				CLANG_WARN_DEPRECATED_OBJC_IMPLEMENTATIONS = YES;
				CLANG_WARN_DIRECT_OBJC_ISA_USAGE = YES_ERROR;
				CLANG_WARN_DOCUMENTATION_COMMENTS = YES;
				CLANG_WARN_EMPTY_BODY = YES;
				CLANG_WARN_ENUM_CONVERSION = YES;
				CLANG_WARN_INFINITE_RECURSION = YES;
				CLANG_WARN_INT_CONVERSION = YES;
				CLANG_WARN_NON_LITERAL_NULL_CONVERSION = YES;
				CLANG_WARN_OBJC_IMPLICIT_RETAIN_SELF = YES;
				CLANG_WARN_OBJC_LITERAL_CONVERSION = YES;
				CLANG_WARN_OBJC_ROOT_CLASS = YES_ERROR;
				CLANG_WARN_RANGE_LOOP_ANALYSIS = YES;
				CLANG_WARN_STRICT_PROTOTYPES = YES;
				CLANG_WARN_SUSPICIOUS_MOVE = YES;
				CLANG_WARN_UNGUARDED_AVAILABILITY = YES_AGGRESSIVE;
				CLANG_WARN_UNREACHABLE_CODE = YES;
				CLANG_WARN__DUPLICATE_METHOD_MATCH = YES;
				CODE_SIGN_IDENTITY = "iPhone Developer";
				COPY_PHASE_STRIP = NO;
				DEBUG_INFORMATION_FORMAT = "dwarf-with-dsym";
				ENABLE_NS_ASSERTIONS = NO;
				ENABLE_STRICT_OBJC_MSGSEND = YES;
				GCC_C_LANGUAGE_STANDARD = gnu11;
				GCC_NO_COMMON_BLOCKS = YES;
				GCC_WARN_64_TO_32_BIT_CONVERSION = YES;
				GCC_WARN_ABOUT_RETURN_TYPE = YES_ERROR;
				GCC_WARN_UNDECLARED_SELECTOR = YES;
				GCC_WARN_UNINITIALIZED_AUTOS = YES_AGGRESSIVE;
				GCC_WARN_UNUSED_FUNCTION = YES;
				GCC_WARN_UNUSED_VARIABLE = YES;
				IPHONEOS_DEPLOYMENT_TARGET = 12.1;
				MTL_ENABLE_DEBUG_INFO = NO;
				MTL_FAST_MATH = YES;
				SDKROOT = iphoneos;
				SWIFT_COMPILATION_MODE = wholemodule;
				SWIFT_OPTIMIZATION_LEVEL = "-O";
				VALIDATE_PRODUCT = YES;
			};
			name = Release;
		};
		201BE35A21CFCA8C00AB505B /* Debug */ = {
			isa = XCBuildConfiguration;
			buildSettings = {
				ASSETCATALOG_COMPILER_APPICON_NAME = AppIcon;
				CODE_SIGN_STYLE = Automatic;
				DEVELOPMENT_TEAM = VMK9JD3ABH;
				INFOPLIST_FILE = swiftProject18/Info.plist;
				IPHONEOS_DEPLOYMENT_TARGET = 9.0;
				LD_RUNPATH_SEARCH_PATHS = (
					"$(inherited)",
					"@executable_path/Frameworks",
				);
				PRODUCT_BUNDLE_IDENTIFIER = com.daxiong.swiftProject18;
				PRODUCT_NAME = "$(TARGET_NAME)";
				SWIFT_VERSION = 4.2;
				TARGETED_DEVICE_FAMILY = 1;
			};
			name = Debug;
		};
		201BE35B21CFCA8C00AB505B /* Release */ = {
			isa = XCBuildConfiguration;
			buildSettings = {
				ASSETCATALOG_COMPILER_APPICON_NAME = AppIcon;
				CODE_SIGN_STYLE = Automatic;
				DEVELOPMENT_TEAM = VMK9JD3ABH;
				INFOPLIST_FILE = swiftProject18/Info.plist;
				IPHONEOS_DEPLOYMENT_TARGET = 9.0;
				LD_RUNPATH_SEARCH_PATHS = (
					"$(inherited)",
					"@executable_path/Frameworks",
				);
				PRODUCT_BUNDLE_IDENTIFIER = com.daxiong.swiftProject18;
				PRODUCT_NAME = "$(TARGET_NAME)";
				SWIFT_VERSION = 4.2;
				TARGETED_DEVICE_FAMILY = 1;
			};
			name = Release;
		};
/* End XCBuildConfiguration section */

/* Begin XCConfigurationList section */
		201BE34221CFCA8B00AB505B /* Build configuration list for PBXProject "swiftProject18" */ = {
			isa = XCConfigurationList;
			buildConfigurations = (
				201BE35721CFCA8C00AB505B /* Debug */,
				201BE35821CFCA8C00AB505B /* Release */,
			);
			defaultConfigurationIsVisible = 0;
			defaultConfigurationName = Release;
		};
		201BE35921CFCA8C00AB505B /* Build configuration list for PBXNativeTarget "swiftProject18" */ = {
			isa = XCConfigurationList;
			buildConfigurations = (
				201BE35A21CFCA8C00AB505B /* Debug */,
				201BE35B21CFCA8C00AB505B /* Release */,
			);
			defaultConfigurationIsVisible = 0;
			defaultConfigurationName = Release;
		};
/* End XCConfigurationList section */
	};
	rootObject = 201BE33F21CFCA8B00AB505B /* Project object */;
}
