// !$*UTF8*$!
{
	archiveVersion = 1;
	classes = {
	};
	objectVersion = 50;
	objects = {

/* Begin PBXBuildFile section */
		2039106C21AE315700CB24AD /* AppDelegate.swift in Sources */ = {isa = PBXBuildFile; fileRef = 2039106B21AE315700CB24AD /* AppDelegate.swift */; };
		2039107121AE315700CB24AD /* Main.storyboard in Resources */ = {isa = PBXBuildFile; fileRef = 2039106F21AE315700CB24AD /* Main.storyboard */; };
		2039107321AE315800CB24AD /* Assets.xcassets in Resources */ = {isa = PBXBuildFile; fileRef = 2039107221AE315800CB24AD /* Assets.xcassets */; };
		2039107621AE315800CB24AD /* LaunchScreen.storyboard in Resources */ = {isa = PBXBuildFile; fileRef = 2039107421AE315800CB24AD /* LaunchScreen.storyboard */; };
		2039108021AE333200CB24AD /* VideoCutter.swift in Sources */ = {isa = PBXBuildFile; fileRef = 2039107D21AE333100CB24AD /* VideoCutter.swift */; };
		2039108121AE333200CB24AD /* VideoSplashViewController.swift in Sources */ = {isa = PBXBuildFile; fileRef = 2039107E21AE333200CB24AD /* VideoSplashViewController.swift */; };
		2039108221AE333200CB24AD /* moments.mp4 in Resources */ = {isa = PBXBuildFile; fileRef = 2039107F21AE333200CB24AD /* moments.mp4 */; };
		2039108621AE361600CB24AD /* MasterViewController.swift in Sources */ = {isa = PBXBuildFile; fileRef = 2039108521AE361600CB24AD /* MasterViewController.swift */; };
/* End PBXBuildFile section */

/* Begin PBXFileReference section */
		2039106821AE315700CB24AD /* SwiftProject16.app */ = {isa = PBXFileReference; explicitFileType = wrapper.application; includeInIndex = 0; path = SwiftProject16.app; sourceTree = BUILT_PRODUCTS_DIR; };
		2039106B21AE315700CB24AD /* AppDelegate.swift */ = {isa = PBXFileReference; lastKnownFileType = sourcecode.swift; path = AppDelegate.swift; sourceTree = "<group>"; };
		2039107021AE315700CB24AD /* Base */ = {isa = PBXFileReference; lastKnownFileType = file.storyboard; name = Base; path = Base.lproj/Main.storyboard; sourceTree = "<group>"; };
		2039107221AE315800CB24AD /* Assets.xcassets */ = {isa = PBXFileReference; lastKnownFileType = folder.assetcatalog; path = Assets.xcassets; sourceTree = "<group>"; };
		2039107521AE315800CB24AD /* Base */ = {isa = PBXFileReference; lastKnownFileType = file.storyboard; name = Base; path = Base.lproj/LaunchScreen.storyboard; sourceTree = "<group>"; };
		2039107721AE315800CB24AD /* Info.plist */ = {isa = PBXFileReference; lastKnownFileType = text.plist.xml; path = Info.plist; sourceTree = "<group>"; };
		2039107D21AE333100CB24AD /* VideoCutter.swift */ = {isa = PBXFileReference; fileEncoding = 4; lastKnownFileType = sourcecode.swift; path = VideoCutter.swift; sourceTree = "<group>"; };
		2039107E21AE333200CB24AD /* VideoSplashViewController.swift */ = {isa = PBXFileReference; fileEncoding = 4; lastKnownFileType = sourcecode.swift; path = VideoSplashViewController.swift; sourceTree = "<group>"; };
		2039107F21AE333200CB24AD /* moments.mp4 */ = {isa = PBXFileReference; lastKnownFileType = file; path = moments.mp4; sourceTree = "<group>"; };
		2039108521AE361600CB24AD /* MasterViewController.swift */ = {isa = PBXFileReference; lastKnownFileType = sourcecode.swift; path = MasterViewController.swift; sourceTree = "<group>"; };
/* End PBXFileReference section */

/* Begin PBXFrameworksBuildPhase section */
		2039106521AE315700CB24AD /* Frameworks */ = {
			isa = PBXFrameworksBuildPhase;
			buildActionMask = 2147483647;
			files = (
			);
			runOnlyForDeploymentPostprocessing = 0;
		};
/* End PBXFrameworksBuildPhase section */

/* Begin PBXGroup section */
		2039105F21AE315700CB24AD = {
			isa = PBXGroup;
			children = (
				2039106A21AE315700CB24AD /* SwiftProject16 */,
				2039106921AE315700CB24AD /* Products */,
			);
			sourceTree = "<group>";
		};
		2039106921AE315700CB24AD /* Products */ = {
			isa = PBXGroup;
			children = (
				2039106821AE315700CB24AD /* SwiftProject16.app */,
			);
			name = Products;
			sourceTree = "<group>";
		};
		2039106A21AE315700CB24AD /* SwiftProject16 */ = {
			isa = PBXGroup;
			children = (
				2039106B21AE315700CB24AD /* AppDelegate.swift */,
				2039108521AE361600CB24AD /* MasterViewController.swift */,
				2039108421AE355100CB24AD /* Files */,
				2039108321AE334E00CB24AD /* Library */,
				2039106F21AE315700CB24AD /* Main.storyboard */,
				2039107221AE315800CB24AD /* Assets.xcassets */,
				2039107421AE315800CB24AD /* LaunchScreen.storyboard */,
				2039107721AE315800CB24AD /* Info.plist */,
			);
			path = SwiftProject16;
			sourceTree = "<group>";
		};
		2039108321AE334E00CB24AD /* Library */ = {
			isa = PBXGroup;
			children = (
				2039107D21AE333100CB24AD /* VideoCutter.swift */,
				2039107E21AE333200CB24AD /* VideoSplashViewController.swift */,
			);
			name = Library;
			sourceTree = "<group>";
		};
		2039108421AE355100CB24AD /* Files */ = {
			isa = PBXGroup;
			children = (
				2039107F21AE333200CB24AD /* moments.mp4 */,
			);
			name = Files;
			sourceTree = "<group>";
		};
/* End PBXGroup section */

/* Begin PBXNativeTarget section */
		2039106721AE315700CB24AD /* SwiftProject16 */ = {
			isa = PBXNativeTarget;
			buildConfigurationList = 2039107A21AE315800CB24AD /* Build configuration list for PBXNativeTarget "SwiftProject16" */;
			buildPhases = (
				2039106421AE315700CB24AD /* Sources */,
				2039106521AE315700CB24AD /* Frameworks */,
				2039106621AE315700CB24AD /* Resources */,
			);
			buildRules = (
			);
			dependencies = (
			);
			name = SwiftProject16;
			productName = SwiftProject16;
			productReference = 2039106821AE315700CB24AD /* SwiftProject16.app */;
			productType = "com.apple.product-type.application";
		};
/* End PBXNativeTarget section */

/* Begin PBXProject section */
		2039106021AE315700CB24AD /* Project object */ = {
			isa = PBXProject;
			attributes = {
				LastSwiftUpdateCheck = 1010;
				LastUpgradeCheck = 1010;
				ORGANIZATIONNAME = DaXiong;
				TargetAttributes = {
					2039106721AE315700CB24AD = {
						CreatedOnToolsVersion = 10.1;
					};
				};
			};
			buildConfigurationList = 2039106321AE315700CB24AD /* Build configuration list for PBXProject "SwiftProject16" */;
			compatibilityVersion = "Xcode 9.3";
			developmentRegion = en;
			hasScannedForEncodings = 0;
			knownRegions = (
				en,
				Base,
			);
			mainGroup = 2039105F21AE315700CB24AD;
			productRefGroup = 2039106921AE315700CB24AD /* Products */;
			projectDirPath = "";
			projectRoot = "";
			targets = (
				2039106721AE315700CB24AD /* SwiftProject16 */,
			);
		};
/* End PBXProject section */

/* Begin PBXResourcesBuildPhase section */
		2039106621AE315700CB24AD /* Resources */ = {
			isa = PBXResourcesBuildPhase;
			buildActionMask = 2147483647;
			files = (
				2039107621AE315800CB24AD /* LaunchScreen.storyboard in Resources */,
				2039108221AE333200CB24AD /* moments.mp4 in Resources */,
				2039107321AE315800CB24AD /* Assets.xcassets in Resources */,
				2039107121AE315700CB24AD /* Main.storyboard in Resources */,
			);
			runOnlyForDeploymentPostprocessing = 0;
		};
/* End PBXResourcesBuildPhase section */

/* Begin PBXSourcesBuildPhase section */
		2039106421AE315700CB24AD /* Sources */ = {
			isa = PBXSourcesBuildPhase;
			buildActionMask = 2147483647;
			files = (
				2039108621AE361600CB24AD /* MasterViewController.swift in Sources */,
				2039108021AE333200CB24AD /* VideoCutter.swift in Sources */,
				2039106C21AE315700CB24AD /* AppDelegate.swift in Sources */,
				2039108121AE333200CB24AD /* VideoSplashViewController.swift in Sources */,
			);
			runOnlyForDeploymentPostprocessing = 0;
		};
/* End PBXSourcesBuildPhase section */

/* Begin PBXVariantGroup section */
		2039106F21AE315700CB24AD /* Main.storyboard */ = {
			isa = PBXVariantGroup;
			children = (
				2039107021AE315700CB24AD /* Base */,
			);
			name = Main.storyboard;
			sourceTree = "<group>";
		};
		2039107421AE315800CB24AD /* LaunchScreen.storyboard */ = {
			isa = PBXVariantGroup;
			children = (
				2039107521AE315800CB24AD /* Base */,
			);
			name = LaunchScreen.storyboard;
			sourceTree = "<group>";
		};
/* End PBXVariantGroup section */

/* Begin XCBuildConfiguration section */
		2039107821AE315800CB24AD /* Debug */ = {
			isa = XCBuildConfiguration;
			buildSettings = {
				ALWAYS_SEARCH_USER_PATHS = NO;
				CLANG_ANALYZER_NONNULL = YES;
				CLANG_ANALYZER_NUMBER_OBJECT_CONVERSION = YES_AGGRESSIVE;
				CLANG_CXX_LANGUAGE_STANDARD = "gnu++14";
				CLANG_CXX_LIBRARY = "libc++";
				CLANG_ENABLE_MODULES = YES;
				CLANG_ENABLE_OBJC_ARC = YES;
				CLANG_ENABLE_OBJC_WEAK = YES;
				CLANG_WARN_BLOCK_CAPTURE_AUTORELEASING = YES;
				CLANG_WARN_BOOL_CONVERSION = YES;
				CLANG_WARN_COMMA = YES;
				CLANG_WARN_CONSTANT_CONVERSION = YES;
				CLANG_WARN_DEPRECATED_OBJC_IMPLEMENTATIONS = YES;
				CLANG_WARN_DIRECT_OBJC_ISA_USAGE = YES_ERROR;
				CLANG_WARN_DOCUMENTATION_COMMENTS = YES;
				CLANG_WARN_EMPTY_BODY = YES;
				CLANG_WARN_ENUM_CONVERSION = YES;
				CLANG_WARN_INFINITE_RECURSION = YES;
				CLANG_WARN_INT_CONVERSION = YES;
				CLANG_WARN_NON_LITERAL_NULL_CONVERSION = YES;
				CLANG_WARN_OBJC_IMPLICIT_RETAIN_SELF = YES;
				CLANG_WARN_OBJC_LITERAL_CONVERSION = YES;
				CLANG_WARN_OBJC_ROOT_CLASS = YES_ERROR;
				CLANG_WARN_RANGE_LOOP_ANALYSIS = YES;
				CLANG_WARN_STRICT_PROTOTYPES = YES;
				CLANG_WARN_SUSPICIOUS_MOVE = YES;
				CLANG_WARN_UNGUARDED_AVAILABILITY = YES_AGGRESSIVE;
				CLANG_WARN_UNREACHABLE_CODE = YES;
				CLANG_WARN__DUPLICATE_METHOD_MATCH = YES;
				CODE_SIGN_IDENTITY = "iPhone Developer";
				COPY_PHASE_STRIP = NO;
				DEBUG_INFORMATION_FORMAT = dwarf;
				ENABLE_STRICT_OBJC_MSGSEND = YES;
				ENABLE_TESTABILITY = YES;
				GCC_C_LANGUAGE_STANDARD = gnu11;
				GCC_DYNAMIC_NO_PIC = NO;
				GCC_NO_COMMON_BLOCKS = YES;
				GCC_OPTIMIZATION_LEVEL = 0;
				GCC_PREPROCESSOR_DEFINITIONS = (
					"DEBUG=1",
					"$(inherited)",
				);
				GCC_WARN_64_TO_32_BIT_CONVERSION = YES;
				GCC_WARN_ABOUT_RETURN_TYPE = YES_ERROR;
				GCC_WARN_UNDECLARED_SELECTOR = YES;
				GCC_WARN_UNINITIALIZED_AUTOS = YES_AGGRESSIVE;
				GCC_WARN_UNUSED_FUNCTION = YES;
				GCC_WARN_UNUSED_VARIABLE = YES;
				IPHONEOS_DEPLOYMENT_TARGET = 12.1;
				MTL_ENABLE_DEBUG_INFO = INCLUDE_SOURCE;
				MTL_FAST_MATH = YES;
				ONLY_ACTIVE_ARCH = YES;
				SDKROOT = iphoneos;
				SWIFT_ACTIVE_COMPILATION_CONDITIONS = DEBUG;
				SWIFT_OPTIMIZATION_LEVEL = "-Onone";
			};
			name = Debug;
		};
		2039107921AE315800CB24AD /* Release */ = {
			isa = XCBuildConfiguration;
			buildSettings = {
				ALWAYS_SEARCH_USER_PATHS = NO;
				CLANG_ANALYZER_NONNULL = YES;
				CLANG_ANALYZER_NUMBER_OBJECT_CONVERSION = YES_AGGRESSIVE;
				CLANG_CXX_LANGUAGE_STANDARD = "gnu++14";
				CLANG_CXX_LIBRARY = "libc++";
				CLANG_ENABLE_MODULES = YES;
				CLANG_ENABLE_OBJC_ARC = YES;
				CLANG_ENABLE_OBJC_WEAK = YES;
				CLANG_WARN_BLOCK_CAPTURE_AUTORELEASING = YES;
				CLANG_WARN_BOOL_CONVERSION = YES;
				CLANG_WARN_COMMA = YES;
				CLANG_WARN_CONSTANT_CONVERSION = YES;
				CLANG_WARN_DEPRECATED_OBJC_IMPLEMENTATIONS = YES;
				CLANG_WARN_DIRECT_OBJC_ISA_USAGE = YES_ERROR;
				CLANG_WARN_DOCUMENTATION_COMMENTS = YES;
				CLANG_WARN_EMPTY_BODY = YES;
				CLANG_WARN_ENUM_CONVERSION = YES;
				CLANG_WARN_INFINITE_RECURSION = YES;
				CLANG_WARN_INT_CONVERSION = YES;
				CLANG_WARN_NON_LITERAL_NULL_CONVERSION = YES;
				CLANG_WARN_OBJC_IMPLICIT_RETAIN_SELF = YES;
				CLANG_WARN_OBJC_LITERAL_CONVERSION = YES;
				CLANG_WARN_OBJC_ROOT_CLASS = YES_ERROR;
				CLANG_WARN_RANGE_LOOP_ANALYSIS = YES;
				CLANG_WARN_STRICT_PROTOTYPES = YES;
				CLANG_WARN_SUSPICIOUS_MOVE = YES;
				CLANG_WARN_UNGUARDED_AVAILABILITY = YES_AGGRESSIVE;
				CLANG_WARN_UNREACHABLE_CODE = YES;
				CLANG_WARN__DUPLICATE_METHOD_MATCH = YES;
				CODE_SIGN_IDENTITY = "iPhone Developer";
				COPY_PHASE_STRIP = NO;
				DEBUG_INFORMATION_FORMAT = "dwarf-with-dsym";
				ENABLE_NS_ASSERTIONS = NO;
				ENABLE_STRICT_OBJC_MSGSEND = YES;
				GCC_C_LANGUAGE_STANDARD = gnu11;
				GCC_NO_COMMON_BLOCKS = YES;
				GCC_WARN_64_TO_32_BIT_CONVERSION = YES;
				GCC_WARN_ABOUT_RETURN_TYPE = YES_ERROR;
				GCC_WARN_UNDECLARED_SELECTOR = YES;
				GCC_WARN_UNINITIALIZED_AUTOS = YES_AGGRESSIVE;
				GCC_WARN_UNUSED_FUNCTION = YES;
				GCC_WARN_UNUSED_VARIABLE = YES;
				IPHONEOS_DEPLOYMENT_TARGET = 12.1;
				MTL_ENABLE_DEBUG_INFO = NO;
				MTL_FAST_MATH = YES;
				SDKROOT = iphoneos;
				SWIFT_COMPILATION_MODE = wholemodule;
				SWIFT_OPTIMIZATION_LEVEL = "-O";
				VALIDATE_PRODUCT = YES;
			};
			name = Release;
		};
		2039107B21AE315800CB24AD /* Debug */ = {
			isa = XCBuildConfiguration;
			buildSettings = {
				ASSETCATALOG_COMPILER_APPICON_NAME = AppIcon;
				CODE_SIGN_STYLE = Automatic;
				DEVELOPMENT_TEAM = VMK9JD3ABH;
				INFOPLIST_FILE = SwiftProject16/Info.plist;
				IPHONEOS_DEPLOYMENT_TARGET = 9.0;
				LD_RUNPATH_SEARCH_PATHS = (
					"$(inherited)",
					"@executable_path/Frameworks",
				);
				PRODUCT_BUNDLE_IDENTIFIER = com.daxiong.SwiftProject16;
				PRODUCT_NAME = "$(TARGET_NAME)";
				SWIFT_VERSION = 4.2;
				TARGETED_DEVICE_FAMILY = 1;
			};
			name = Debug;
		};
		2039107C21AE315800CB24AD /* Release */ = {
			isa = XCBuildConfiguration;
			buildSettings = {
				ASSETCATALOG_COMPILER_APPICON_NAME = AppIcon;
				CODE_SIGN_STYLE = Automatic;
				DEVELOPMENT_TEAM = VMK9JD3ABH;
				INFOPLIST_FILE = SwiftProject16/Info.plist;
				IPHONEOS_DEPLOYMENT_TARGET = 9.0;
				LD_RUNPATH_SEARCH_PATHS = (
					"$(inherited)",
					"@executable_path/Frameworks",
				);
				PRODUCT_BUNDLE_IDENTIFIER = com.daxiong.SwiftProject16;
				PRODUCT_NAME = "$(TARGET_NAME)";
				SWIFT_VERSION = 4.2;
				TARGETED_DEVICE_FAMILY = 1;
			};
			name = Release;
		};
/* End XCBuildConfiguration section */

/* Begin XCConfigurationList section */
		2039106321AE315700CB24AD /* Build configuration list for PBXProject "SwiftProject16" */ = {
			isa = XCConfigurationList;
			buildConfigurations = (
				2039107821AE315800CB24AD /* Debug */,
				2039107921AE315800CB24AD /* Release */,
			);
			defaultConfigurationIsVisible = 0;
			defaultConfigurationName = Release;
		};
		2039107A21AE315800CB24AD /* Build configuration list for PBXNativeTarget "SwiftProject16" */ = {
			isa = XCConfigurationList;
			buildConfigurations = (
				2039107B21AE315800CB24AD /* Debug */,
				2039107C21AE315800CB24AD /* Release */,
			);
			defaultConfigurationIsVisible = 0;
			defaultConfigurationName = Release;
		};
/* End XCConfigurationList section */
	};
	rootObject = 2039106021AE315700CB24AD /* Project object */;
}
