// !$*UTF8*$!
{
	archiveVersion = 1;
	classes = {
	};
	objectVersion = 50;
	objects = {

/* Begin PBXBuildFile section */
		20948CD9212D647800A4D7B5 /* AppDelegate.swift in Sources */ = {isa = PBXBuildFile; fileRef = 20948CD8212D647800A4D7B5 /* AppDelegate.swift */; };
		20948CDE212D647800A4D7B5 /* Main.storyboard in Resources */ = {isa = PBXBuildFile; fileRef = 20948CDC212D647800A4D7B5 /* Main.storyboard */; };
		20948CE0212D647900A4D7B5 /* Assets.xcassets in Resources */ = {isa = PBXBuildFile; fileRef = 20948CDF212D647900A4D7B5 /* Assets.xcassets */; };
		20948CE3212D647900A4D7B5 /* LaunchScreen.storyboard in Resources */ = {isa = PBXBuildFile; fileRef = 20948CE1212D647900A4D7B5 /* LaunchScreen.storyboard */; };
		20948CEB212DA42D00A4D7B5 /* LibraryAPI.swift in Sources */ = {isa = PBXBuildFile; fileRef = 20948CEA212DA42D00A4D7B5 /* LibraryAPI.swift */; };
		20948CED212DA43F00A4D7B5 /* PersistencyManager.swift in Sources */ = {isa = PBXBuildFile; fileRef = 20948CEC212DA43F00A4D7B5 /* PersistencyManager.swift */; };
		20948CEF212DA46500A4D7B5 /* MasterTableViewController.swift in Sources */ = {isa = PBXBuildFile; fileRef = 20948CEE212DA46500A4D7B5 /* MasterTableViewController.swift */; };
		20948CF1212DA47E00A4D7B5 /* DetailViewController.swift in Sources */ = {isa = PBXBuildFile; fileRef = 20948CF0212DA47E00A4D7B5 /* DetailViewController.swift */; };
		20948CF3212DA4CC00A4D7B5 /* Pokemon.swift in Sources */ = {isa = PBXBuildFile; fileRef = 20948CF2212DA4CC00A4D7B5 /* Pokemon.swift */; };
		20948CF5212DA4F900A4D7B5 /* MasterTableViewCell.swift in Sources */ = {isa = PBXBuildFile; fileRef = 20948CF4212DA4F900A4D7B5 /* MasterTableViewCell.swift */; };
		20948CF7212DA54500A4D7B5 /* PokemonConstants.swift in Sources */ = {isa = PBXBuildFile; fileRef = 20948CF6212DA54500A4D7B5 /* PokemonConstants.swift */; };
		20948CF9212DA55900A4D7B5 /* Constants.swift in Sources */ = {isa = PBXBuildFile; fileRef = 20948CF8212DA55900A4D7B5 /* Constants.swift */; };
		AB26666A057BBA1FF2CF882D /* Pods_SwiftProject7.framework in Frameworks */ = {isa = PBXBuildFile; fileRef = A0B1E2610D931A75D6F07AF8 /* Pods_SwiftProject7.framework */; };
/* End PBXBuildFile section */

/* Begin PBXFileReference section */
		20948CD5212D647800A4D7B5 /* SwiftProject7.app */ = {isa = PBXFileReference; explicitFileType = wrapper.application; includeInIndex = 0; path = SwiftProject7.app; sourceTree = BUILT_PRODUCTS_DIR; };
		20948CD8212D647800A4D7B5 /* AppDelegate.swift */ = {isa = PBXFileReference; lastKnownFileType = sourcecode.swift; path = AppDelegate.swift; sourceTree = "<group>"; };
		20948CDD212D647800A4D7B5 /* Base */ = {isa = PBXFileReference; lastKnownFileType = file.storyboard; name = Base; path = Base.lproj/Main.storyboard; sourceTree = "<group>"; };
		20948CDF212D647900A4D7B5 /* Assets.xcassets */ = {isa = PBXFileReference; lastKnownFileType = folder.assetcatalog; path = Assets.xcassets; sourceTree = "<group>"; };
		20948CE2212D647900A4D7B5 /* Base */ = {isa = PBXFileReference; lastKnownFileType = file.storyboard; name = Base; path = Base.lproj/LaunchScreen.storyboard; sourceTree = "<group>"; };
		20948CE4212D647900A4D7B5 /* Info.plist */ = {isa = PBXFileReference; lastKnownFileType = text.plist.xml; path = Info.plist; sourceTree = "<group>"; };
		20948CEA212DA42D00A4D7B5 /* LibraryAPI.swift */ = {isa = PBXFileReference; lastKnownFileType = sourcecode.swift; path = LibraryAPI.swift; sourceTree = "<group>"; };
		20948CEC212DA43F00A4D7B5 /* PersistencyManager.swift */ = {isa = PBXFileReference; lastKnownFileType = sourcecode.swift; path = PersistencyManager.swift; sourceTree = "<group>"; };
		20948CEE212DA46500A4D7B5 /* MasterTableViewController.swift */ = {isa = PBXFileReference; lastKnownFileType = sourcecode.swift; path = MasterTableViewController.swift; sourceTree = "<group>"; };
		20948CF0212DA47E00A4D7B5 /* DetailViewController.swift */ = {isa = PBXFileReference; lastKnownFileType = sourcecode.swift; path = DetailViewController.swift; sourceTree = "<group>"; };
		20948CF2212DA4CC00A4D7B5 /* Pokemon.swift */ = {isa = PBXFileReference; lastKnownFileType = sourcecode.swift; path = Pokemon.swift; sourceTree = "<group>"; };
		20948CF4212DA4F900A4D7B5 /* MasterTableViewCell.swift */ = {isa = PBXFileReference; lastKnownFileType = sourcecode.swift; path = MasterTableViewCell.swift; sourceTree = "<group>"; };
		20948CF6212DA54500A4D7B5 /* PokemonConstants.swift */ = {isa = PBXFileReference; lastKnownFileType = sourcecode.swift; path = PokemonConstants.swift; sourceTree = "<group>"; };
		20948CF8212DA55900A4D7B5 /* Constants.swift */ = {isa = PBXFileReference; lastKnownFileType = sourcecode.swift; path = Constants.swift; sourceTree = "<group>"; };
		327E15D866CDE422C757C2D3 /* Pods-SwiftProject7.release.xcconfig */ = {isa = PBXFileReference; includeInIndex = 1; lastKnownFileType = text.xcconfig; name = "Pods-SwiftProject7.release.xcconfig"; path = "Pods/Target Support Files/Pods-SwiftProject7/Pods-SwiftProject7.release.xcconfig"; sourceTree = "<group>"; };
		9FA112F0588192513F8C1441 /* Pods-SwiftProject7.debug.xcconfig */ = {isa = PBXFileReference; includeInIndex = 1; lastKnownFileType = text.xcconfig; name = "Pods-SwiftProject7.debug.xcconfig"; path = "Pods/Target Support Files/Pods-SwiftProject7/Pods-SwiftProject7.debug.xcconfig"; sourceTree = "<group>"; };
		A0B1E2610D931A75D6F07AF8 /* Pods_SwiftProject7.framework */ = {isa = PBXFileReference; explicitFileType = wrapper.framework; includeInIndex = 0; path = Pods_SwiftProject7.framework; sourceTree = BUILT_PRODUCTS_DIR; };
/* End PBXFileReference section */

/* Begin PBXFrameworksBuildPhase section */
		20948CD2212D647800A4D7B5 /* Frameworks */ = {
			isa = PBXFrameworksBuildPhase;
			buildActionMask = 2147483647;
			files = (
				AB26666A057BBA1FF2CF882D /* Pods_SwiftProject7.framework in Frameworks */,
			);
			runOnlyForDeploymentPostprocessing = 0;
		};
/* End PBXFrameworksBuildPhase section */

/* Begin PBXGroup section */
		20948CCC212D647800A4D7B5 = {
			isa = PBXGroup;
			children = (
				20948CD7212D647800A4D7B5 /* SwiftProject7 */,
				20948CD6212D647800A4D7B5 /* Products */,
				90D9064F6E0B0007617AC122 /* Pods */,
				AA415886891BB45162B74E62 /* Frameworks */,
			);
			sourceTree = "<group>";
		};
		20948CD6212D647800A4D7B5 /* Products */ = {
			isa = PBXGroup;
			children = (
				20948CD5212D647800A4D7B5 /* SwiftProject7.app */,
			);
			name = Products;
			sourceTree = "<group>";
		};
		20948CD7212D647800A4D7B5 /* SwiftProject7 */ = {
			isa = PBXGroup;
			children = (
				20948CD8212D647800A4D7B5 /* AppDelegate.swift */,
				20948CFA212DA58300A4D7B5 /* API */,
				20948CFB212DA59A00A4D7B5 /* Controller */,
				20948CFC212DA5AF00A4D7B5 /* Model */,
				20948CFD212DA5B700A4D7B5 /* Cell */,
				20948CFE212DA5C000A4D7B5 /* Helper */,
				20948CDC212D647800A4D7B5 /* Main.storyboard */,
				20948CDF212D647900A4D7B5 /* Assets.xcassets */,
				20948CE1212D647900A4D7B5 /* LaunchScreen.storyboard */,
				20948CE4212D647900A4D7B5 /* Info.plist */,
			);
			path = SwiftProject7;
			sourceTree = "<group>";
		};
		20948CFA212DA58300A4D7B5 /* API */ = {
			isa = PBXGroup;
			children = (
				20948CEA212DA42D00A4D7B5 /* LibraryAPI.swift */,
				20948CEC212DA43F00A4D7B5 /* PersistencyManager.swift */,
			);
			path = API;
			sourceTree = "<group>";
		};
		20948CFB212DA59A00A4D7B5 /* Controller */ = {
			isa = PBXGroup;
			children = (
				20948CEE212DA46500A4D7B5 /* MasterTableViewController.swift */,
				20948CF0212DA47E00A4D7B5 /* DetailViewController.swift */,
			);
			path = Controller;
			sourceTree = "<group>";
		};
		20948CFC212DA5AF00A4D7B5 /* Model */ = {
			isa = PBXGroup;
			children = (
				20948CF2212DA4CC00A4D7B5 /* Pokemon.swift */,
			);
			path = Model;
			sourceTree = "<group>";
		};
		20948CFD212DA5B700A4D7B5 /* Cell */ = {
			isa = PBXGroup;
			children = (
				20948CF4212DA4F900A4D7B5 /* MasterTableViewCell.swift */,
			);
			path = Cell;
			sourceTree = "<group>";
		};
		20948CFE212DA5C000A4D7B5 /* Helper */ = {
			isa = PBXGroup;
			children = (
				20948CF6212DA54500A4D7B5 /* PokemonConstants.swift */,
				20948CF8212DA55900A4D7B5 /* Constants.swift */,
			);
			path = Helper;
			sourceTree = "<group>";
		};
		90D9064F6E0B0007617AC122 /* Pods */ = {
			isa = PBXGroup;
			children = (
				9FA112F0588192513F8C1441 /* Pods-SwiftProject7.debug.xcconfig */,
				327E15D866CDE422C757C2D3 /* Pods-SwiftProject7.release.xcconfig */,
			);
			name = Pods;
			sourceTree = "<group>";
		};
		AA415886891BB45162B74E62 /* Frameworks */ = {
			isa = PBXGroup;
			children = (
				A0B1E2610D931A75D6F07AF8 /* Pods_SwiftProject7.framework */,
			);
			name = Frameworks;
			sourceTree = "<group>";
		};
/* End PBXGroup section */

/* Begin PBXNativeTarget section */
		20948CD4212D647800A4D7B5 /* SwiftProject7 */ = {
			isa = PBXNativeTarget;
			buildConfigurationList = 20948CE7212D647900A4D7B5 /* Build configuration list for PBXNativeTarget "SwiftProject7" */;
			buildPhases = (
				B81DC38B6494598E0B4CC535 /* [CP] Check Pods Manifest.lock */,
				20948CD1212D647800A4D7B5 /* Sources */,
				20948CD2212D647800A4D7B5 /* Frameworks */,
				20948CD3212D647800A4D7B5 /* Resources */,
				20CC323943EBDF0126C6583F /* [CP] Embed Pods Frameworks */,
			);
			buildRules = (
			);
			dependencies = (
			);
			name = SwiftProject7;
			productName = SwiftProject7;
			productReference = 20948CD5212D647800A4D7B5 /* SwiftProject7.app */;
			productType = "com.apple.product-type.application";
		};
/* End PBXNativeTarget section */

/* Begin PBXProject section */
		20948CCD212D647800A4D7B5 /* Project object */ = {
			isa = PBXProject;
			attributes = {
				LastSwiftUpdateCheck = 0940;
				LastUpgradeCheck = 0940;
				ORGANIZATIONNAME = DaXiong;
				TargetAttributes = {
					20948CD4212D647800A4D7B5 = {
						CreatedOnToolsVersion = 9.4.1;
					};
				};
			};
			buildConfigurationList = 20948CD0212D647800A4D7B5 /* Build configuration list for PBXProject "SwiftProject7" */;
			compatibilityVersion = "Xcode 9.3";
			developmentRegion = en;
			hasScannedForEncodings = 0;
			knownRegions = (
				en,
				Base,
			);
			mainGroup = 20948CCC212D647800A4D7B5;
			productRefGroup = 20948CD6212D647800A4D7B5 /* Products */;
			projectDirPath = "";
			projectRoot = "";
			targets = (
				20948CD4212D647800A4D7B5 /* SwiftProject7 */,
			);
		};
/* End PBXProject section */

/* Begin PBXResourcesBuildPhase section */
		20948CD3212D647800A4D7B5 /* Resources */ = {
			isa = PBXResourcesBuildPhase;
			buildActionMask = 2147483647;
			files = (
				20948CE3212D647900A4D7B5 /* LaunchScreen.storyboard in Resources */,
				20948CE0212D647900A4D7B5 /* Assets.xcassets in Resources */,
				20948CDE212D647800A4D7B5 /* Main.storyboard in Resources */,
			);
			runOnlyForDeploymentPostprocessing = 0;
		};
/* End PBXResourcesBuildPhase section */

/* Begin PBXShellScriptBuildPhase section */
		20CC323943EBDF0126C6583F /* [CP] Embed Pods Frameworks */ = {
			isa = PBXShellScriptBuildPhase;
			buildActionMask = 2147483647;
			files = (
			);
			inputPaths = (
				"${SRCROOT}/Pods/Target Support Files/Pods-SwiftProject7/Pods-SwiftProject7-frameworks.sh",
				"${BUILT_PRODUCTS_DIR}/RxCocoa/RxCocoa.framework",
				"${BUILT_PRODUCTS_DIR}/RxSwift/RxSwift.framework",
			);
			name = "[CP] Embed Pods Frameworks";
			outputPaths = (
				"${TARGET_BUILD_DIR}/${FRAMEWORKS_FOLDER_PATH}/RxCocoa.framework",
				"${TARGET_BUILD_DIR}/${FRAMEWORKS_FOLDER_PATH}/RxSwift.framework",
			);
			runOnlyForDeploymentPostprocessing = 0;
			shellPath = /bin/sh;
			shellScript = "\"${SRCROOT}/Pods/Target Support Files/Pods-SwiftProject7/Pods-SwiftProject7-frameworks.sh\"\n";
			showEnvVarsInLog = 0;
		};
		B81DC38B6494598E0B4CC535 /* [CP] Check Pods Manifest.lock */ = {
			isa = PBXShellScriptBuildPhase;
			buildActionMask = 2147483647;
			files = (
			);
			inputPaths = (
				"${PODS_PODFILE_DIR_PATH}/Podfile.lock",
				"${PODS_ROOT}/Manifest.lock",
			);
			name = "[CP] Check Pods Manifest.lock";
			outputPaths = (
				"$(DERIVED_FILE_DIR)/Pods-SwiftProject7-checkManifestLockResult.txt",
			);
			runOnlyForDeploymentPostprocessing = 0;
			shellPath = /bin/sh;
			shellScript = "diff \"${PODS_PODFILE_DIR_PATH}/Podfile.lock\" \"${PODS_ROOT}/Manifest.lock\" > /dev/null\nif [ $? != 0 ] ; then\n    # print error to STDERR\n    echo \"error: The sandbox is not in sync with the Podfile.lock. Run 'pod install' or update your CocoaPods installation.\" >&2\n    exit 1\nfi\n# This output is used by Xcode 'outputs' to avoid re-running this script phase.\necho \"SUCCESS\" > \"${SCRIPT_OUTPUT_FILE_0}\"\n";
			showEnvVarsInLog = 0;
		};
/* End PBXShellScriptBuildPhase section */

/* Begin PBXSourcesBuildPhase section */
		20948CD1212D647800A4D7B5 /* Sources */ = {
			isa = PBXSourcesBuildPhase;
			buildActionMask = 2147483647;
			files = (
				20948CEB212DA42D00A4D7B5 /* LibraryAPI.swift in Sources */,
				20948CEF212DA46500A4D7B5 /* MasterTableViewController.swift in Sources */,
				20948CF5212DA4F900A4D7B5 /* MasterTableViewCell.swift in Sources */,
				20948CF1212DA47E00A4D7B5 /* DetailViewController.swift in Sources */,
				20948CED212DA43F00A4D7B5 /* PersistencyManager.swift in Sources */,
				20948CD9212D647800A4D7B5 /* AppDelegate.swift in Sources */,
				20948CF3212DA4CC00A4D7B5 /* Pokemon.swift in Sources */,
				20948CF7212DA54500A4D7B5 /* PokemonConstants.swift in Sources */,
				20948CF9212DA55900A4D7B5 /* Constants.swift in Sources */,
			);
			runOnlyForDeploymentPostprocessing = 0;
		};
/* End PBXSourcesBuildPhase section */

/* Begin PBXVariantGroup section */
		20948CDC212D647800A4D7B5 /* Main.storyboard */ = {
			isa = PBXVariantGroup;
			children = (
				20948CDD212D647800A4D7B5 /* Base */,
			);
			name = Main.storyboard;
			sourceTree = "<group>";
		};
		20948CE1212D647900A4D7B5 /* LaunchScreen.storyboard */ = {
			isa = PBXVariantGroup;
			children = (
				20948CE2212D647900A4D7B5 /* Base */,
			);
			name = LaunchScreen.storyboard;
			sourceTree = "<group>";
		};
/* End PBXVariantGroup section */

/* Begin XCBuildConfiguration section */
		20948CE5212D647900A4D7B5 /* Debug */ = {
			isa = XCBuildConfiguration;
			buildSettings = {
				ALWAYS_SEARCH_USER_PATHS = NO;
				CLANG_ANALYZER_NONNULL = YES;
				CLANG_ANALYZER_NUMBER_OBJECT_CONVERSION = YES_AGGRESSIVE;
				CLANG_CXX_LANGUAGE_STANDARD = "gnu++14";
				CLANG_CXX_LIBRARY = "libc++";
				CLANG_ENABLE_MODULES = YES;
				CLANG_ENABLE_OBJC_ARC = YES;
				CLANG_ENABLE_OBJC_WEAK = YES;
				CLANG_WARN_BLOCK_CAPTURE_AUTORELEASING = YES;
				CLANG_WARN_BOOL_CONVERSION = YES;
				CLANG_WARN_COMMA = YES;
				CLANG_WARN_CONSTANT_CONVERSION = YES;
				CLANG_WARN_DEPRECATED_OBJC_IMPLEMENTATIONS = YES;
				CLANG_WARN_DIRECT_OBJC_ISA_USAGE = YES_ERROR;
				CLANG_WARN_DOCUMENTATION_COMMENTS = YES;
				CLANG_WARN_EMPTY_BODY = YES;
				CLANG_WARN_ENUM_CONVERSION = YES;
				CLANG_WARN_INFINITE_RECURSION = YES;
				CLANG_WARN_INT_CONVERSION = YES;
				CLANG_WARN_NON_LITERAL_NULL_CONVERSION = YES;
				CLANG_WARN_OBJC_IMPLICIT_RETAIN_SELF = YES;
				CLANG_WARN_OBJC_LITERAL_CONVERSION = YES;
				CLANG_WARN_OBJC_ROOT_CLASS = YES_ERROR;
				CLANG_WARN_RANGE_LOOP_ANALYSIS = YES;
				CLANG_WARN_STRICT_PROTOTYPES = YES;
				CLANG_WARN_SUSPICIOUS_MOVE = YES;
				CLANG_WARN_UNGUARDED_AVAILABILITY = YES_AGGRESSIVE;
				CLANG_WARN_UNREACHABLE_CODE = YES;
				CLANG_WARN__DUPLICATE_METHOD_MATCH = YES;
				CODE_SIGN_IDENTITY = "iPhone Developer";
				COPY_PHASE_STRIP = NO;
				DEBUG_INFORMATION_FORMAT = dwarf;
				ENABLE_STRICT_OBJC_MSGSEND = YES;
				ENABLE_TESTABILITY = YES;
				GCC_C_LANGUAGE_STANDARD = gnu11;
				GCC_DYNAMIC_NO_PIC = NO;
				GCC_NO_COMMON_BLOCKS = YES;
				GCC_OPTIMIZATION_LEVEL = 0;
				GCC_PREPROCESSOR_DEFINITIONS = (
					"DEBUG=1",
					"$(inherited)",
				);
				GCC_WARN_64_TO_32_BIT_CONVERSION = YES;
				GCC_WARN_ABOUT_RETURN_TYPE = YES_ERROR;
				GCC_WARN_UNDECLARED_SELECTOR = YES;
				GCC_WARN_UNINITIALIZED_AUTOS = YES_AGGRESSIVE;
				GCC_WARN_UNUSED_FUNCTION = YES;
				GCC_WARN_UNUSED_VARIABLE = YES;
				IPHONEOS_DEPLOYMENT_TARGET = 11.4;
				MTL_ENABLE_DEBUG_INFO = YES;
				ONLY_ACTIVE_ARCH = YES;
				SDKROOT = iphoneos;
				SWIFT_ACTIVE_COMPILATION_CONDITIONS = DEBUG;
				SWIFT_OPTIMIZATION_LEVEL = "-Onone";
			};
			name = Debug;
		};
		20948CE6212D647900A4D7B5 /* Release */ = {
			isa = XCBuildConfiguration;
			buildSettings = {
				ALWAYS_SEARCH_USER_PATHS = NO;
				CLANG_ANALYZER_NONNULL = YES;
				CLANG_ANALYZER_NUMBER_OBJECT_CONVERSION = YES_AGGRESSIVE;
				CLANG_CXX_LANGUAGE_STANDARD = "gnu++14";
				CLANG_CXX_LIBRARY = "libc++";
				CLANG_ENABLE_MODULES = YES;
				CLANG_ENABLE_OBJC_ARC = YES;
				CLANG_ENABLE_OBJC_WEAK = YES;
				CLANG_WARN_BLOCK_CAPTURE_AUTORELEASING = YES;
				CLANG_WARN_BOOL_CONVERSION = YES;
				CLANG_WARN_COMMA = YES;
				CLANG_WARN_CONSTANT_CONVERSION = YES;
				CLANG_WARN_DEPRECATED_OBJC_IMPLEMENTATIONS = YES;
				CLANG_WARN_DIRECT_OBJC_ISA_USAGE = YES_ERROR;
				CLANG_WARN_DOCUMENTATION_COMMENTS = YES;
				CLANG_WARN_EMPTY_BODY = YES;
				CLANG_WARN_ENUM_CONVERSION = YES;
				CLANG_WARN_INFINITE_RECURSION = YES;
				CLANG_WARN_INT_CONVERSION = YES;
				CLANG_WARN_NON_LITERAL_NULL_CONVERSION = YES;
				CLANG_WARN_OBJC_IMPLICIT_RETAIN_SELF = YES;
				CLANG_WARN_OBJC_LITERAL_CONVERSION = YES;
				CLANG_WARN_OBJC_ROOT_CLASS = YES_ERROR;
				CLANG_WARN_RANGE_LOOP_ANALYSIS = YES;
				CLANG_WARN_STRICT_PROTOTYPES = YES;
				CLANG_WARN_SUSPICIOUS_MOVE = YES;
				CLANG_WARN_UNGUARDED_AVAILABILITY = YES_AGGRESSIVE;
				CLANG_WARN_UNREACHABLE_CODE = YES;
				CLANG_WARN__DUPLICATE_METHOD_MATCH = YES;
				CODE_SIGN_IDENTITY = "iPhone Developer";
				COPY_PHASE_STRIP = NO;
				DEBUG_INFORMATION_FORMAT = "dwarf-with-dsym";
				ENABLE_NS_ASSERTIONS = NO;
				ENABLE_STRICT_OBJC_MSGSEND = YES;
				GCC_C_LANGUAGE_STANDARD = gnu11;
				GCC_NO_COMMON_BLOCKS = YES;
				GCC_WARN_64_TO_32_BIT_CONVERSION = YES;
				GCC_WARN_ABOUT_RETURN_TYPE = YES_ERROR;
				GCC_WARN_UNDECLARED_SELECTOR = YES;
				GCC_WARN_UNINITIALIZED_AUTOS = YES_AGGRESSIVE;
				GCC_WARN_UNUSED_FUNCTION = YES;
				GCC_WARN_UNUSED_VARIABLE = YES;
				IPHONEOS_DEPLOYMENT_TARGET = 11.4;
				MTL_ENABLE_DEBUG_INFO = NO;
				SDKROOT = iphoneos;
				SWIFT_COMPILATION_MODE = wholemodule;
				SWIFT_OPTIMIZATION_LEVEL = "-O";
				VALIDATE_PRODUCT = YES;
			};
			name = Release;
		};
		20948CE8212D647900A4D7B5 /* Debug */ = {
			isa = XCBuildConfiguration;
			baseConfigurationReference = 9FA112F0588192513F8C1441 /* Pods-SwiftProject7.debug.xcconfig */;
			buildSettings = {
				ASSETCATALOG_COMPILER_APPICON_NAME = AppIcon;
				CODE_SIGN_STYLE = Automatic;
				DEVELOPMENT_TEAM = VMK9JD3ABH;
				INFOPLIST_FILE = SwiftProject7/Info.plist;
				IPHONEOS_DEPLOYMENT_TARGET = 9.0;
				LD_RUNPATH_SEARCH_PATHS = (
					"$(inherited)",
					"@executable_path/Frameworks",
				);
				PRODUCT_BUNDLE_IDENTIFIER = com.daxiong.SwiftProject7;
				PRODUCT_NAME = "$(TARGET_NAME)";
				SWIFT_VERSION = 3.0;
				TARGETED_DEVICE_FAMILY = "1,2";
			};
			name = Debug;
		};
		20948CE9212D647900A4D7B5 /* Release */ = {
			isa = XCBuildConfiguration;
			baseConfigurationReference = 327E15D866CDE422C757C2D3 /* Pods-SwiftProject7.release.xcconfig */;
			buildSettings = {
				ASSETCATALOG_COMPILER_APPICON_NAME = AppIcon;
				CODE_SIGN_STYLE = Automatic;
				DEVELOPMENT_TEAM = VMK9JD3ABH;
				INFOPLIST_FILE = SwiftProject7/Info.plist;
				IPHONEOS_DEPLOYMENT_TARGET = 9.0;
				LD_RUNPATH_SEARCH_PATHS = (
					"$(inherited)",
					"@executable_path/Frameworks",
				);
				PRODUCT_BUNDLE_IDENTIFIER = com.daxiong.SwiftProject7;
				PRODUCT_NAME = "$(TARGET_NAME)";
				SWIFT_VERSION = 3.0;
				TARGETED_DEVICE_FAMILY = "1,2";
			};
			name = Release;
		};
/* End XCBuildConfiguration section */

/* Begin XCConfigurationList section */
		20948CD0212D647800A4D7B5 /* Build configuration list for PBXProject "SwiftProject7" */ = {
			isa = XCConfigurationList;
			buildConfigurations = (
				20948CE5212D647900A4D7B5 /* Debug */,
				20948CE6212D647900A4D7B5 /* Release */,
			);
			defaultConfigurationIsVisible = 0;
			defaultConfigurationName = Release;
		};
		20948CE7212D647900A4D7B5 /* Build configuration list for PBXNativeTarget "SwiftProject7" */ = {
			isa = XCConfigurationList;
			buildConfigurations = (
				20948CE8212D647900A4D7B5 /* Debug */,
				20948CE9212D647900A4D7B5 /* Release */,
			);
			defaultConfigurationIsVisible = 0;
			defaultConfigurationName = Release;
		};
/* End XCConfigurationList section */
	};
	rootObject = 20948CCD212D647800A4D7B5 /* Project object */;
}
