// !$*UTF8*$!
{
	archiveVersion = 1;
	classes = {
	};
	objectVersion = 50;
	objects = {

/* Begin PBXBuildFile section */
		2072D85A216CAE560046BCE6 /* AppDelegate.swift in Sources */ = {isa = PBXBuildFile; fileRef = 2072D859216CAE560046BCE6 /* AppDelegate.swift */; };
		2072D85C216CAE560046BCE6 /* ViewController.swift in Sources */ = {isa = PBXBuildFile; fileRef = 2072D85B216CAE560046BCE6 /* ViewController.swift */; };
		2072D85F216CAE560046BCE6 /* Main.storyboard in Resources */ = {isa = PBXBuildFile; fileRef = 2072D85D216CAE560046BCE6 /* Main.storyboard */; };
		2072D861216CAE570046BCE6 /* Assets.xcassets in Resources */ = {isa = PBXBuildFile; fileRef = 2072D860216CAE570046BCE6 /* Assets.xcassets */; };
		2072D864216CAE570046BCE6 /* LaunchScreen.storyboard in Resources */ = {isa = PBXBuildFile; fileRef = 2072D862216CAE570046BCE6 /* LaunchScreen.storyboard */; };
		2072D86C216CDDDB0046BCE6 /* DouBanAPI.swift in Sources */ = {isa = PBXBuildFile; fileRef = 2072D86B216CDDDB0046BCE6 /* DouBanAPI.swift */; };
		316A3620DDB5D865D2C14454 /* Pods_SwiftProject12.framework in Frameworks */ = {isa = PBXBuildFile; fileRef = 2B81DB908B59FE865E42069D /* Pods_SwiftProject12.framework */; };
/* End PBXBuildFile section */

/* Begin PBXFileReference section */
		2072D856216CAE560046BCE6 /* SwiftProject12.app */ = {isa = PBXFileReference; explicitFileType = wrapper.application; includeInIndex = 0; path = SwiftProject12.app; sourceTree = BUILT_PRODUCTS_DIR; };
		2072D859216CAE560046BCE6 /* AppDelegate.swift */ = {isa = PBXFileReference; lastKnownFileType = sourcecode.swift; path = AppDelegate.swift; sourceTree = "<group>"; };
		2072D85B216CAE560046BCE6 /* ViewController.swift */ = {isa = PBXFileReference; lastKnownFileType = sourcecode.swift; path = ViewController.swift; sourceTree = "<group>"; };
		2072D85E216CAE560046BCE6 /* Base */ = {isa = PBXFileReference; lastKnownFileType = file.storyboard; name = Base; path = Base.lproj/Main.storyboard; sourceTree = "<group>"; };
		2072D860216CAE570046BCE6 /* Assets.xcassets */ = {isa = PBXFileReference; lastKnownFileType = folder.assetcatalog; path = Assets.xcassets; sourceTree = "<group>"; };
		2072D863216CAE570046BCE6 /* Base */ = {isa = PBXFileReference; lastKnownFileType = file.storyboard; name = Base; path = Base.lproj/LaunchScreen.storyboard; sourceTree = "<group>"; };
		2072D865216CAE570046BCE6 /* Info.plist */ = {isa = PBXFileReference; lastKnownFileType = text.plist.xml; path = Info.plist; sourceTree = "<group>"; };
		2072D86B216CDDDB0046BCE6 /* DouBanAPI.swift */ = {isa = PBXFileReference; lastKnownFileType = sourcecode.swift; path = DouBanAPI.swift; sourceTree = "<group>"; };
		2B81DB908B59FE865E42069D /* Pods_SwiftProject12.framework */ = {isa = PBXFileReference; explicitFileType = wrapper.framework; includeInIndex = 0; path = Pods_SwiftProject12.framework; sourceTree = BUILT_PRODUCTS_DIR; };
		2C1923114B932C165A24DFB9 /* Pods-SwiftProject12.release.xcconfig */ = {isa = PBXFileReference; includeInIndex = 1; lastKnownFileType = text.xcconfig; name = "Pods-SwiftProject12.release.xcconfig"; path = "Pods/Target Support Files/Pods-SwiftProject12/Pods-SwiftProject12.release.xcconfig"; sourceTree = "<group>"; };
		DC0F1A58788DE3ED46C1D968 /* Pods-SwiftProject12.debug.xcconfig */ = {isa = PBXFileReference; includeInIndex = 1; lastKnownFileType = text.xcconfig; name = "Pods-SwiftProject12.debug.xcconfig"; path = "Pods/Target Support Files/Pods-SwiftProject12/Pods-SwiftProject12.debug.xcconfig"; sourceTree = "<group>"; };
/* End PBXFileReference section */

/* Begin PBXFrameworksBuildPhase section */
		2072D853216CAE560046BCE6 /* Frameworks */ = {
			isa = PBXFrameworksBuildPhase;
			buildActionMask = 2147483647;
			files = (
				316A3620DDB5D865D2C14454 /* Pods_SwiftProject12.framework in Frameworks */,
			);
			runOnlyForDeploymentPostprocessing = 0;
		};
/* End PBXFrameworksBuildPhase section */

/* Begin PBXGroup section */
		2072D84D216CAE560046BCE6 = {
			isa = PBXGroup;
			children = (
				2072D858216CAE560046BCE6 /* SwiftProject12 */,
				2072D857216CAE560046BCE6 /* Products */,
				2AD01E7F8060EACB5CCFA52F /* Pods */,
				8A679F222F78771EBF98E167 /* Frameworks */,
			);
			sourceTree = "<group>";
		};
		2072D857216CAE560046BCE6 /* Products */ = {
			isa = PBXGroup;
			children = (
				2072D856216CAE560046BCE6 /* SwiftProject12.app */,
			);
			name = Products;
			sourceTree = "<group>";
		};
		2072D858216CAE560046BCE6 /* SwiftProject12 */ = {
			isa = PBXGroup;
			children = (
				2072D859216CAE560046BCE6 /* AppDelegate.swift */,
				2072D85B216CAE560046BCE6 /* ViewController.swift */,
				2072D86B216CDDDB0046BCE6 /* DouBanAPI.swift */,
				2072D85D216CAE560046BCE6 /* Main.storyboard */,
				2072D860216CAE570046BCE6 /* Assets.xcassets */,
				2072D862216CAE570046BCE6 /* LaunchScreen.storyboard */,
				2072D865216CAE570046BCE6 /* Info.plist */,
			);
			path = SwiftProject12;
			sourceTree = "<group>";
		};
		2AD01E7F8060EACB5CCFA52F /* Pods */ = {
			isa = PBXGroup;
			children = (
				DC0F1A58788DE3ED46C1D968 /* Pods-SwiftProject12.debug.xcconfig */,
				2C1923114B932C165A24DFB9 /* Pods-SwiftProject12.release.xcconfig */,
			);
			name = Pods;
			sourceTree = "<group>";
		};
		8A679F222F78771EBF98E167 /* Frameworks */ = {
			isa = PBXGroup;
			children = (
				2B81DB908B59FE865E42069D /* Pods_SwiftProject12.framework */,
			);
			name = Frameworks;
			sourceTree = "<group>";
		};
/* End PBXGroup section */

/* Begin PBXNativeTarget section */
		2072D855216CAE560046BCE6 /* SwiftProject12 */ = {
			isa = PBXNativeTarget;
			buildConfigurationList = 2072D868216CAE570046BCE6 /* Build configuration list for PBXNativeTarget "SwiftProject12" */;
			buildPhases = (
				F6EBD253BB672A2DBDB75E32 /* [CP] Check Pods Manifest.lock */,
				2072D852216CAE560046BCE6 /* Sources */,
				2072D853216CAE560046BCE6 /* Frameworks */,
				2072D854216CAE560046BCE6 /* Resources */,
				929E08B8288B8D300F0698F3 /* [CP] Embed Pods Frameworks */,
			);
			buildRules = (
			);
			dependencies = (
			);
			name = SwiftProject12;
			productName = SwiftProject12;
			productReference = 2072D856216CAE560046BCE6 /* SwiftProject12.app */;
			productType = "com.apple.product-type.application";
		};
/* End PBXNativeTarget section */

/* Begin PBXProject section */
		2072D84E216CAE560046BCE6 /* Project object */ = {
			isa = PBXProject;
			attributes = {
				LastSwiftUpdateCheck = 0940;
				LastUpgradeCheck = 0940;
				ORGANIZATIONNAME = DaXiong;
				TargetAttributes = {
					2072D855216CAE560046BCE6 = {
						CreatedOnToolsVersion = 9.4.1;
					};
				};
			};
			buildConfigurationList = 2072D851216CAE560046BCE6 /* Build configuration list for PBXProject "SwiftProject12" */;
			compatibilityVersion = "Xcode 9.3";
			developmentRegion = en;
			hasScannedForEncodings = 0;
			knownRegions = (
				en,
				Base,
			);
			mainGroup = 2072D84D216CAE560046BCE6;
			productRefGroup = 2072D857216CAE560046BCE6 /* Products */;
			projectDirPath = "";
			projectRoot = "";
			targets = (
				2072D855216CAE560046BCE6 /* SwiftProject12 */,
			);
		};
/* End PBXProject section */

/* Begin PBXResourcesBuildPhase section */
		2072D854216CAE560046BCE6 /* Resources */ = {
			isa = PBXResourcesBuildPhase;
			buildActionMask = 2147483647;
			files = (
				2072D864216CAE570046BCE6 /* LaunchScreen.storyboard in Resources */,
				2072D861216CAE570046BCE6 /* Assets.xcassets in Resources */,
				2072D85F216CAE560046BCE6 /* Main.storyboard in Resources */,
			);
			runOnlyForDeploymentPostprocessing = 0;
		};
/* End PBXResourcesBuildPhase section */

/* Begin PBXShellScriptBuildPhase section */
		929E08B8288B8D300F0698F3 /* [CP] Embed Pods Frameworks */ = {
			isa = PBXShellScriptBuildPhase;
			buildActionMask = 2147483647;
			files = (
			);
			inputPaths = (
				"${SRCROOT}/Pods/Target Support Files/Pods-SwiftProject12/Pods-SwiftProject12-frameworks.sh",
				"${BUILT_PRODUCTS_DIR}/Alamofire/Alamofire.framework",
				"${BUILT_PRODUCTS_DIR}/Moya/Moya.framework",
				"${BUILT_PRODUCTS_DIR}/Result/Result.framework",
				"${BUILT_PRODUCTS_DIR}/SwiftyJSON/SwiftyJSON.framework",
			);
			name = "[CP] Embed Pods Frameworks";
			outputPaths = (
				"${TARGET_BUILD_DIR}/${FRAMEWORKS_FOLDER_PATH}/Alamofire.framework",
				"${TARGET_BUILD_DIR}/${FRAMEWORKS_FOLDER_PATH}/Moya.framework",
				"${TARGET_BUILD_DIR}/${FRAMEWORKS_FOLDER_PATH}/Result.framework",
				"${TARGET_BUILD_DIR}/${FRAMEWORKS_FOLDER_PATH}/SwiftyJSON.framework",
			);
			runOnlyForDeploymentPostprocessing = 0;
			shellPath = /bin/sh;
			shellScript = "\"${SRCROOT}/Pods/Target Support Files/Pods-SwiftProject12/Pods-SwiftProject12-frameworks.sh\"\n";
			showEnvVarsInLog = 0;
		};
		F6EBD253BB672A2DBDB75E32 /* [CP] Check Pods Manifest.lock */ = {
			isa = PBXShellScriptBuildPhase;
			buildActionMask = 2147483647;
			files = (
			);
			inputPaths = (
				"${PODS_PODFILE_DIR_PATH}/Podfile.lock",
				"${PODS_ROOT}/Manifest.lock",
			);
			name = "[CP] Check Pods Manifest.lock";
			outputPaths = (
				"$(DERIVED_FILE_DIR)/Pods-SwiftProject12-checkManifestLockResult.txt",
			);
			runOnlyForDeploymentPostprocessing = 0;
			shellPath = /bin/sh;
			shellScript = "diff \"${PODS_PODFILE_DIR_PATH}/Podfile.lock\" \"${PODS_ROOT}/Manifest.lock\" > /dev/null\nif [ $? != 0 ] ; then\n    # print error to STDERR\n    echo \"error: The sandbox is not in sync with the Podfile.lock. Run 'pod install' or update your CocoaPods installation.\" >&2\n    exit 1\nfi\n# This output is used by Xcode 'outputs' to avoid re-running this script phase.\necho \"SUCCESS\" > \"${SCRIPT_OUTPUT_FILE_0}\"\n";
			showEnvVarsInLog = 0;
		};
/* End PBXShellScriptBuildPhase section */

/* Begin PBXSourcesBuildPhase section */
		2072D852216CAE560046BCE6 /* Sources */ = {
			isa = PBXSourcesBuildPhase;
			buildActionMask = 2147483647;
			files = (
				2072D85C216CAE560046BCE6 /* ViewController.swift in Sources */,
				2072D86C216CDDDB0046BCE6 /* DouBanAPI.swift in Sources */,
				2072D85A216CAE560046BCE6 /* AppDelegate.swift in Sources */,
			);
			runOnlyForDeploymentPostprocessing = 0;
		};
/* End PBXSourcesBuildPhase section */

/* Begin PBXVariantGroup section */
		2072D85D216CAE560046BCE6 /* Main.storyboard */ = {
			isa = PBXVariantGroup;
			children = (
				2072D85E216CAE560046BCE6 /* Base */,
			);
			name = Main.storyboard;
			sourceTree = "<group>";
		};
		2072D862216CAE570046BCE6 /* LaunchScreen.storyboard */ = {
			isa = PBXVariantGroup;
			children = (
				2072D863216CAE570046BCE6 /* Base */,
			);
			name = LaunchScreen.storyboard;
			sourceTree = "<group>";
		};
/* End PBXVariantGroup section */

/* Begin XCBuildConfiguration section */
		2072D866216CAE570046BCE6 /* Debug */ = {
			isa = XCBuildConfiguration;
			buildSettings = {
				ALWAYS_SEARCH_USER_PATHS = NO;
				CLANG_ANALYZER_NONNULL = YES;
				CLANG_ANALYZER_NUMBER_OBJECT_CONVERSION = YES_AGGRESSIVE;
				CLANG_CXX_LANGUAGE_STANDARD = "gnu++14";
				CLANG_CXX_LIBRARY = "libc++";
				CLANG_ENABLE_MODULES = YES;
				CLANG_ENABLE_OBJC_ARC = YES;
				CLANG_ENABLE_OBJC_WEAK = YES;
				CLANG_WARN_BLOCK_CAPTURE_AUTORELEASING = YES;
				CLANG_WARN_BOOL_CONVERSION = YES;
				CLANG_WARN_COMMA = YES;
				CLANG_WARN_CONSTANT_CONVERSION = YES;
				CLANG_WARN_DEPRECATED_OBJC_IMPLEMENTATIONS = YES;
				CLANG_WARN_DIRECT_OBJC_ISA_USAGE = YES_ERROR;
				CLANG_WARN_DOCUMENTATION_COMMENTS = YES;
				CLANG_WARN_EMPTY_BODY = YES;
				CLANG_WARN_ENUM_CONVERSION = YES;
				CLANG_WARN_INFINITE_RECURSION = YES;
				CLANG_WARN_INT_CONVERSION = YES;
				CLANG_WARN_NON_LITERAL_NULL_CONVERSION = YES;
				CLANG_WARN_OBJC_IMPLICIT_RETAIN_SELF = YES;
				CLANG_WARN_OBJC_LITERAL_CONVERSION = YES;
				CLANG_WARN_OBJC_ROOT_CLASS = YES_ERROR;
				CLANG_WARN_RANGE_LOOP_ANALYSIS = YES;
				CLANG_WARN_STRICT_PROTOTYPES = YES;
				CLANG_WARN_SUSPICIOUS_MOVE = YES;
				CLANG_WARN_UNGUARDED_AVAILABILITY = YES_AGGRESSIVE;
				CLANG_WARN_UNREACHABLE_CODE = YES;
				CLANG_WARN__DUPLICATE_METHOD_MATCH = YES;
				CODE_SIGN_IDENTITY = "iPhone Developer";
				COPY_PHASE_STRIP = NO;
				DEBUG_INFORMATION_FORMAT = dwarf;
				ENABLE_STRICT_OBJC_MSGSEND = YES;
				ENABLE_TESTABILITY = YES;
				GCC_C_LANGUAGE_STANDARD = gnu11;
				GCC_DYNAMIC_NO_PIC = NO;
				GCC_NO_COMMON_BLOCKS = YES;
				GCC_OPTIMIZATION_LEVEL = 0;
				GCC_PREPROCESSOR_DEFINITIONS = (
					"DEBUG=1",
					"$(inherited)",
				);
				GCC_WARN_64_TO_32_BIT_CONVERSION = YES;
				GCC_WARN_ABOUT_RETURN_TYPE = YES_ERROR;
				GCC_WARN_UNDECLARED_SELECTOR = YES;
				GCC_WARN_UNINITIALIZED_AUTOS = YES_AGGRESSIVE;
				GCC_WARN_UNUSED_FUNCTION = YES;
				GCC_WARN_UNUSED_VARIABLE = YES;
				IPHONEOS_DEPLOYMENT_TARGET = 11.4;
				MTL_ENABLE_DEBUG_INFO = YES;
				ONLY_ACTIVE_ARCH = YES;
				SDKROOT = iphoneos;
				SWIFT_ACTIVE_COMPILATION_CONDITIONS = DEBUG;
				SWIFT_OPTIMIZATION_LEVEL = "-Onone";
			};
			name = Debug;
		};
		2072D867216CAE570046BCE6 /* Release */ = {
			isa = XCBuildConfiguration;
			buildSettings = {
				ALWAYS_SEARCH_USER_PATHS = NO;
				CLANG_ANALYZER_NONNULL = YES;
				CLANG_ANALYZER_NUMBER_OBJECT_CONVERSION = YES_AGGRESSIVE;
				CLANG_CXX_LANGUAGE_STANDARD = "gnu++14";
				CLANG_CXX_LIBRARY = "libc++";
				CLANG_ENABLE_MODULES = YES;
				CLANG_ENABLE_OBJC_ARC = YES;
				CLANG_ENABLE_OBJC_WEAK = YES;
				CLANG_WARN_BLOCK_CAPTURE_AUTORELEASING = YES;
				CLANG_WARN_BOOL_CONVERSION = YES;
				CLANG_WARN_COMMA = YES;
				CLANG_WARN_CONSTANT_CONVERSION = YES;
				CLANG_WARN_DEPRECATED_OBJC_IMPLEMENTATIONS = YES;
				CLANG_WARN_DIRECT_OBJC_ISA_USAGE = YES_ERROR;
				CLANG_WARN_DOCUMENTATION_COMMENTS = YES;
				CLANG_WARN_EMPTY_BODY = YES;
				CLANG_WARN_ENUM_CONVERSION = YES;
				CLANG_WARN_INFINITE_RECURSION = YES;
				CLANG_WARN_INT_CONVERSION = YES;
				CLANG_WARN_NON_LITERAL_NULL_CONVERSION = YES;
				CLANG_WARN_OBJC_IMPLICIT_RETAIN_SELF = YES;
				CLANG_WARN_OBJC_LITERAL_CONVERSION = YES;
				CLANG_WARN_OBJC_ROOT_CLASS = YES_ERROR;
				CLANG_WARN_RANGE_LOOP_ANALYSIS = YES;
				CLANG_WARN_STRICT_PROTOTYPES = YES;
				CLANG_WARN_SUSPICIOUS_MOVE = YES;
				CLANG_WARN_UNGUARDED_AVAILABILITY = YES_AGGRESSIVE;
				CLANG_WARN_UNREACHABLE_CODE = YES;
				CLANG_WARN__DUPLICATE_METHOD_MATCH = YES;
				CODE_SIGN_IDENTITY = "iPhone Developer";
				COPY_PHASE_STRIP = NO;
				DEBUG_INFORMATION_FORMAT = "dwarf-with-dsym";
				ENABLE_NS_ASSERTIONS = NO;
				ENABLE_STRICT_OBJC_MSGSEND = YES;
				GCC_C_LANGUAGE_STANDARD = gnu11;
				GCC_NO_COMMON_BLOCKS = YES;
				GCC_WARN_64_TO_32_BIT_CONVERSION = YES;
				GCC_WARN_ABOUT_RETURN_TYPE = YES_ERROR;
				GCC_WARN_UNDECLARED_SELECTOR = YES;
				GCC_WARN_UNINITIALIZED_AUTOS = YES_AGGRESSIVE;
				GCC_WARN_UNUSED_FUNCTION = YES;
				GCC_WARN_UNUSED_VARIABLE = YES;
				IPHONEOS_DEPLOYMENT_TARGET = 11.4;
				MTL_ENABLE_DEBUG_INFO = NO;
				SDKROOT = iphoneos;
				SWIFT_COMPILATION_MODE = wholemodule;
				SWIFT_OPTIMIZATION_LEVEL = "-O";
				VALIDATE_PRODUCT = YES;
			};
			name = Release;
		};
		2072D869216CAE570046BCE6 /* Debug */ = {
			isa = XCBuildConfiguration;
			baseConfigurationReference = DC0F1A58788DE3ED46C1D968 /* Pods-SwiftProject12.debug.xcconfig */;
			buildSettings = {
				ASSETCATALOG_COMPILER_APPICON_NAME = AppIcon;
				CODE_SIGN_STYLE = Automatic;
				DEVELOPMENT_TEAM = VMK9JD3ABH;
				INFOPLIST_FILE = SwiftProject12/Info.plist;
				IPHONEOS_DEPLOYMENT_TARGET = 9.0;
				LD_RUNPATH_SEARCH_PATHS = (
					"$(inherited)",
					"@executable_path/Frameworks",
				);
				PRODUCT_BUNDLE_IDENTIFIER = com.daxiong.SwiftProject12;
				PRODUCT_NAME = "$(TARGET_NAME)";
				SWIFT_VERSION = 4.0;
				TARGETED_DEVICE_FAMILY = "1,2";
			};
			name = Debug;
		};
		2072D86A216CAE570046BCE6 /* Release */ = {
			isa = XCBuildConfiguration;
			baseConfigurationReference = 2C1923114B932C165A24DFB9 /* Pods-SwiftProject12.release.xcconfig */;
			buildSettings = {
				ASSETCATALOG_COMPILER_APPICON_NAME = AppIcon;
				CODE_SIGN_STYLE = Automatic;
				DEVELOPMENT_TEAM = VMK9JD3ABH;
				INFOPLIST_FILE = SwiftProject12/Info.plist;
				IPHONEOS_DEPLOYMENT_TARGET = 9.0;
				LD_RUNPATH_SEARCH_PATHS = (
					"$(inherited)",
					"@executable_path/Frameworks",
				);
				PRODUCT_BUNDLE_IDENTIFIER = com.daxiong.SwiftProject12;
				PRODUCT_NAME = "$(TARGET_NAME)";
				SWIFT_VERSION = 4.0;
				TARGETED_DEVICE_FAMILY = "1,2";
			};
			name = Release;
		};
/* End XCBuildConfiguration section */

/* Begin XCConfigurationList section */
		2072D851216CAE560046BCE6 /* Build configuration list for PBXProject "SwiftProject12" */ = {
			isa = XCConfigurationList;
			buildConfigurations = (
				2072D866216CAE570046BCE6 /* Debug */,
				2072D867216CAE570046BCE6 /* Release */,
			);
			defaultConfigurationIsVisible = 0;
			defaultConfigurationName = Release;
		};
		2072D868216CAE570046BCE6 /* Build configuration list for PBXNativeTarget "SwiftProject12" */ = {
			isa = XCConfigurationList;
			buildConfigurations = (
				2072D869216CAE570046BCE6 /* Debug */,
				2072D86A216CAE570046BCE6 /* Release */,
			);
			defaultConfigurationIsVisible = 0;
			defaultConfigurationName = Release;
		};
/* End XCConfigurationList section */
	};
	rootObject = 2072D84E216CAE560046BCE6 /* Project object */;
}
